// !$*UTF8*$!
{
	archiveVersion = 1;
	classes = {
	};
	objectVersion = 56;
	objects = {

/* Begin PBXBuildFile section */
		AD2609542C99746C00687D36 /* URLSessionMock.swift in Sources */ = {isa = PBXBuildFile; fileRef = AD2609532C99746C00687D36 /* URLSessionMock.swift */; };
		AD2609582C99763400687D36 /* URLSessionProtocol.swift in Sources */ = {isa = PBXBuildFile; fileRef = AD2609572C99763400687D36 /* URLSessionProtocol.swift */; };
		AD33EDBD2C997DE200E38CA9 /* NetworkServiceTests.swift in Sources */ = {isa = PBXBuildFile; fileRef = AD33EDBC2C997DE200E38CA9 /* NetworkServiceTests.swift */; };
		AD4D88EE2C9841CF003DD3C4 /* ThisDayApp.swift in Sources */ = {isa = PBXBuildFile; fileRef = AD4D88ED2C9841CF003DD3C4 /* ThisDayApp.swift */; };
		AD4D88F02C9841CF003DD3C4 /* DayView.swift in Sources */ = {isa = PBXBuildFile; fileRef = AD4D88EF2C9841CF003DD3C4 /* DayView.swift */; };
		AD4D88F22C9841D0003DD3C4 /* Assets.xcassets in Resources */ = {isa = PBXBuildFile; fileRef = AD4D88F12C9841D0003DD3C4 /* Assets.xcassets */; };
		AD4D88F62C9841D0003DD3C4 /* Preview Assets.xcassets in Resources */ = {isa = PBXBuildFile; fileRef = AD4D88F52C9841D0003DD3C4 /* Preview Assets.xcassets */; };
		AD4D89032C985B23003DD3C4 /* DayViewModel.swift in Sources */ = {isa = PBXBuildFile; fileRef = AD4D89022C985B23003DD3C4 /* DayViewModel.swift */; };
		AD4D89072C98664F003DD3C4 /* DayViewBuilder.swift in Sources */ = {isa = PBXBuildFile; fileRef = AD4D89062C98664F003DD3C4 /* DayViewBuilder.swift */; };
		AD4D89112C98703C003DD3C4 /* EventNetworkModel.swift in Sources */ = {isa = PBXBuildFile; fileRef = AD4D89102C98703C003DD3C4 /* EventNetworkModel.swift */; };
		AD4D89182C987F05003DD3C4 /* ShortEvent.swift in Sources */ = {isa = PBXBuildFile; fileRef = AD4D89172C987F05003DD3C4 /* ShortEvent.swift */; };
		AD4D891D2C987F60003DD3C4 /* Date+Extension.swift in Sources */ = {isa = PBXBuildFile; fileRef = AD4D891C2C987F60003DD3C4 /* Date+Extension.swift */; };
		AD4D891F2C988810003DD3C4 /* AppLogger.swift in Sources */ = {isa = PBXBuildFile; fileRef = AD4D891E2C988810003DD3C4 /* AppLogger.swift */; };
		AD53AA3C2CA182FF0024FD31 /* DefaultEventRow.swift in Sources */ = {isa = PBXBuildFile; fileRef = AD53AA3B2CA182F80024FD31 /* DefaultEventRow.swift */; };
		AD53AA3E2CA1858E0024FD31 /* DefaultEvent.swift in Sources */ = {isa = PBXBuildFile; fileRef = AD53AA3D2CA1858C0024FD31 /* DefaultEvent.swift */; };
		AD53AA402CA185AD0024FD31 /* ExtendedEvent.swift in Sources */ = {isa = PBXBuildFile; fileRef = AD53AA3F2CA185AA0024FD31 /* ExtendedEvent.swift */; };
		AD53AA432CA1F1430024FD31 /* WikipediaParserTests.swift in Sources */ = {isa = PBXBuildFile; fileRef = AD53AA422CA1F1430024FD31 /* WikipediaParserTests.swift */; };
		AD53AA472CA2A6360024FD31 /* Model.xcdatamodeld in Sources */ = {isa = PBXBuildFile; fileRef = AD53AA452CA2A6360024FD31 /* Model.xcdatamodeld */; };
		AD53AA5A2CA2B64F0024FD31 /* PersistenceController.swift in Sources */ = {isa = PBXBuildFile; fileRef = AD53AA592CA2B64E0024FD31 /* PersistenceController.swift */; };
		AD53AA5F2CA2B82C0024FD31 /* DayEntity+CoreDataClass.swift in Sources */ = {isa = PBXBuildFile; fileRef = AD53AA5B2CA2B82C0024FD31 /* DayEntity+CoreDataClass.swift */; };
		AD53AA602CA2B82C0024FD31 /* DayEntity+CoreDataProperties.swift in Sources */ = {isa = PBXBuildFile; fileRef = AD53AA5C2CA2B82C0024FD31 /* DayEntity+CoreDataProperties.swift */; };
		AD53AA612CA2B82C0024FD31 /* EventEntity+CoreDataClass.swift in Sources */ = {isa = PBXBuildFile; fileRef = AD53AA5D2CA2B82C0024FD31 /* EventEntity+CoreDataClass.swift */; };
		AD53AA622CA2B82C0024FD31 /* EventEntity+CoreDataProperties.swift in Sources */ = {isa = PBXBuildFile; fileRef = AD53AA5E2CA2B82C0024FD31 /* EventEntity+CoreDataProperties.swift */; };
		AD53AA642CA2B97C0024FD31 /* EventType.swift in Sources */ = {isa = PBXBuildFile; fileRef = AD53AA632CA2B97A0024FD31 /* EventType.swift */; };
		AD9592062C9994DA0019BB13 /* NetworkServiceMock.swift in Sources */ = {isa = PBXBuildFile; fileRef = AD9592052C9994DA0019BB13 /* NetworkServiceMock.swift */; };
		AD95920B2C99C8F80019BB13 /* NetworkServiceError.swift in Sources */ = {isa = PBXBuildFile; fileRef = AD95920A2C99C8F60019BB13 /* NetworkServiceError.swift */; };
		AD95922A2C9C1D580019BB13 /* NetworkService.swift in Sources */ = {isa = PBXBuildFile; fileRef = AD9592292C9C1D550019BB13 /* NetworkService.swift */; };
		AD95922C2C9C3A000019BB13 /* WikipediaParser.swift in Sources */ = {isa = PBXBuildFile; fileRef = AD95922B2C9C39F00019BB13 /* WikipediaParser.swift */; };
		AD95922E2C9D96E30019BB13 /* DayNetworkModel.swift in Sources */ = {isa = PBXBuildFile; fileRef = AD95922D2C9D96DA0019BB13 /* DayNetworkModel.swift */; };
		AD9592322C9DC8C30019BB13 /* View+Extension.swift in Sources */ = {isa = PBXBuildFile; fileRef = AD9592312C9DC8B70019BB13 /* View+Extension.swift */; };
		AD9592352C9DC9530019BB13 /* CategoryPicker.swift in Sources */ = {isa = PBXBuildFile; fileRef = AD9592342C9DC9530019BB13 /* CategoryPicker.swift */; };
		AD9592372C9DC9C90019BB13 /* ErrorView.swift in Sources */ = {isa = PBXBuildFile; fileRef = AD9592362C9DC9C90019BB13 /* ErrorView.swift */; };
		AD9592392C9DCBAE0019BB13 /* LoadingView.swift in Sources */ = {isa = PBXBuildFile; fileRef = AD9592382C9DCBAE0019BB13 /* LoadingView.swift */; };
		AD95923B2C9DCDD60019BB13 /* ExtendedEventRow.swift in Sources */ = {isa = PBXBuildFile; fileRef = AD95923A2C9DCDD60019BB13 /* ExtendedEventRow.swift */; };
		AD95923E2C9DD53E0019BB13 /* ViewState.swift in Sources */ = {isa = PBXBuildFile; fileRef = AD95923D2C9DD53C0019BB13 /* ViewState.swift */; };
		ADD1CF962C99936F00739278 /* EventsViewModelTests.swift in Sources */ = {isa = PBXBuildFile; fileRef = ADD1CF952C99936D00739278 /* EventsViewModelTests.swift */; };
		ADF08E312CA02B6400CB877A /* ResponseNetworkModel.swift in Sources */ = {isa = PBXBuildFile; fileRef = ADF08E302CA02B6000CB877A /* ResponseNetworkModel.swift */; };
		ADF08E332CA02DF100CB877A /* WikipediaURLBuilder.swift in Sources */ = {isa = PBXBuildFile; fileRef = ADF08E322CA02DF000CB877A /* WikipediaURLBuilder.swift */; };
		ADF4F2992CA171F80057F9CA /* ShortEventRow.swift in Sources */ = {isa = PBXBuildFile; fileRef = ADF4F2982CA171F70057F9CA /* ShortEventRow.swift */; };
/* End PBXBuildFile section */

/* Begin PBXContainerItemProxy section */
		AD26094C2C9971BD00687D36 /* PBXContainerItemProxy */ = {
			isa = PBXContainerItemProxy;
			containerPortal = AD4D88E22C9841CF003DD3C4 /* Project object */;
			proxyType = 1;
			remoteGlobalIDString = AD4D88E92C9841CF003DD3C4;
			remoteInfo = "this-day";
		};
/* End PBXContainerItemProxy section */

/* Begin PBXFileReference section */
		AD2609482C9971BD00687D36 /* this-day-tests.xctest */ = {isa = PBXFileReference; explicitFileType = wrapper.cfbundle; includeInIndex = 0; path = "this-day-tests.xctest"; sourceTree = BUILT_PRODUCTS_DIR; };
		AD2609532C99746C00687D36 /* URLSessionMock.swift */ = {isa = PBXFileReference; lastKnownFileType = sourcecode.swift; path = URLSessionMock.swift; sourceTree = "<group>"; };
		AD2609572C99763400687D36 /* URLSessionProtocol.swift */ = {isa = PBXFileReference; lastKnownFileType = sourcecode.swift; path = URLSessionProtocol.swift; sourceTree = "<group>"; };
		AD33EDBC2C997DE200E38CA9 /* NetworkServiceTests.swift */ = {isa = PBXFileReference; lastKnownFileType = sourcecode.swift; path = NetworkServiceTests.swift; sourceTree = "<group>"; };
		AD4D88EA2C9841CF003DD3C4 /* this-day.app */ = {isa = PBXFileReference; explicitFileType = wrapper.application; includeInIndex = 0; path = "this-day.app"; sourceTree = BUILT_PRODUCTS_DIR; };
		AD4D88ED2C9841CF003DD3C4 /* ThisDayApp.swift */ = {isa = PBXFileReference; lastKnownFileType = sourcecode.swift; path = ThisDayApp.swift; sourceTree = "<group>"; };
		AD4D88EF2C9841CF003DD3C4 /* DayView.swift */ = {isa = PBXFileReference; lastKnownFileType = sourcecode.swift; path = DayView.swift; sourceTree = "<group>"; };
		AD4D88F12C9841D0003DD3C4 /* Assets.xcassets */ = {isa = PBXFileReference; lastKnownFileType = folder.assetcatalog; path = Assets.xcassets; sourceTree = "<group>"; };
		AD4D88F32C9841D0003DD3C4 /* this_day.entitlements */ = {isa = PBXFileReference; lastKnownFileType = text.plist.entitlements; path = this_day.entitlements; sourceTree = "<group>"; };
		AD4D88F52C9841D0003DD3C4 /* Preview Assets.xcassets */ = {isa = PBXFileReference; lastKnownFileType = folder.assetcatalog; path = "Preview Assets.xcassets"; sourceTree = "<group>"; };
		AD4D89022C985B23003DD3C4 /* DayViewModel.swift */ = {isa = PBXFileReference; lastKnownFileType = sourcecode.swift; path = DayViewModel.swift; sourceTree = "<group>"; };
		AD4D89062C98664F003DD3C4 /* DayViewBuilder.swift */ = {isa = PBXFileReference; lastKnownFileType = sourcecode.swift; path = DayViewBuilder.swift; sourceTree = "<group>"; };
		AD4D89102C98703C003DD3C4 /* EventNetworkModel.swift */ = {isa = PBXFileReference; lastKnownFileType = sourcecode.swift; path = EventNetworkModel.swift; sourceTree = "<group>"; };
		AD4D89172C987F05003DD3C4 /* ShortEvent.swift */ = {isa = PBXFileReference; lastKnownFileType = sourcecode.swift; path = ShortEvent.swift; sourceTree = "<group>"; };
		AD4D891C2C987F60003DD3C4 /* Date+Extension.swift */ = {isa = PBXFileReference; lastKnownFileType = sourcecode.swift; path = "Date+Extension.swift"; sourceTree = "<group>"; };
		AD4D891E2C988810003DD3C4 /* AppLogger.swift */ = {isa = PBXFileReference; lastKnownFileType = sourcecode.swift; path = AppLogger.swift; sourceTree = "<group>"; };
		AD53AA3B2CA182F80024FD31 /* DefaultEventRow.swift */ = {isa = PBXFileReference; lastKnownFileType = sourcecode.swift; path = DefaultEventRow.swift; sourceTree = "<group>"; };
		AD53AA3D2CA1858C0024FD31 /* DefaultEvent.swift */ = {isa = PBXFileReference; lastKnownFileType = sourcecode.swift; path = DefaultEvent.swift; sourceTree = "<group>"; };
		AD53AA3F2CA185AA0024FD31 /* ExtendedEvent.swift */ = {isa = PBXFileReference; lastKnownFileType = sourcecode.swift; path = ExtendedEvent.swift; sourceTree = "<group>"; };
		AD53AA422CA1F1430024FD31 /* WikipediaParserTests.swift */ = {isa = PBXFileReference; lastKnownFileType = sourcecode.swift; path = WikipediaParserTests.swift; sourceTree = "<group>"; };
		AD53AA462CA2A6360024FD31 /* Model.xcdatamodel */ = {isa = PBXFileReference; lastKnownFileType = wrapper.xcdatamodel; path = Model.xcdatamodel; sourceTree = "<group>"; };
		AD53AA592CA2B64E0024FD31 /* PersistenceController.swift */ = {isa = PBXFileReference; lastKnownFileType = sourcecode.swift; path = PersistenceController.swift; sourceTree = "<group>"; };
		AD53AA5B2CA2B82C0024FD31 /* DayEntity+CoreDataClass.swift */ = {isa = PBXFileReference; lastKnownFileType = sourcecode.swift; path = "DayEntity+CoreDataClass.swift"; sourceTree = "<group>"; };
		AD53AA5C2CA2B82C0024FD31 /* DayEntity+CoreDataProperties.swift */ = {isa = PBXFileReference; lastKnownFileType = sourcecode.swift; path = "DayEntity+CoreDataProperties.swift"; sourceTree = "<group>"; };
		AD53AA5D2CA2B82C0024FD31 /* EventEntity+CoreDataClass.swift */ = {isa = PBXFileReference; lastKnownFileType = sourcecode.swift; path = "EventEntity+CoreDataClass.swift"; sourceTree = "<group>"; };
		AD53AA5E2CA2B82C0024FD31 /* EventEntity+CoreDataProperties.swift */ = {isa = PBXFileReference; lastKnownFileType = sourcecode.swift; path = "EventEntity+CoreDataProperties.swift"; sourceTree = "<group>"; };
		AD53AA632CA2B97A0024FD31 /* EventType.swift */ = {isa = PBXFileReference; lastKnownFileType = sourcecode.swift; path = EventType.swift; sourceTree = "<group>"; };
		AD9592052C9994DA0019BB13 /* NetworkServiceMock.swift */ = {isa = PBXFileReference; lastKnownFileType = sourcecode.swift; path = NetworkServiceMock.swift; sourceTree = "<group>"; };
		AD95920A2C99C8F60019BB13 /* NetworkServiceError.swift */ = {isa = PBXFileReference; lastKnownFileType = sourcecode.swift; path = NetworkServiceError.swift; sourceTree = "<group>"; };
		AD9592292C9C1D550019BB13 /* NetworkService.swift */ = {isa = PBXFileReference; lastKnownFileType = sourcecode.swift; path = NetworkService.swift; sourceTree = "<group>"; };
		AD95922B2C9C39F00019BB13 /* WikipediaParser.swift */ = {isa = PBXFileReference; lastKnownFileType = sourcecode.swift; path = WikipediaParser.swift; sourceTree = "<group>"; };
		AD95922D2C9D96DA0019BB13 /* DayNetworkModel.swift */ = {isa = PBXFileReference; lastKnownFileType = sourcecode.swift; path = DayNetworkModel.swift; sourceTree = "<group>"; };
		AD9592312C9DC8B70019BB13 /* View+Extension.swift */ = {isa = PBXFileReference; lastKnownFileType = sourcecode.swift; path = "View+Extension.swift"; sourceTree = "<group>"; };
		AD9592342C9DC9530019BB13 /* CategoryPicker.swift */ = {isa = PBXFileReference; lastKnownFileType = sourcecode.swift; path = CategoryPicker.swift; sourceTree = "<group>"; };
		AD9592362C9DC9C90019BB13 /* ErrorView.swift */ = {isa = PBXFileReference; lastKnownFileType = sourcecode.swift; path = ErrorView.swift; sourceTree = "<group>"; };
		AD9592382C9DCBAE0019BB13 /* LoadingView.swift */ = {isa = PBXFileReference; lastKnownFileType = sourcecode.swift; path = LoadingView.swift; sourceTree = "<group>"; };
		AD95923A2C9DCDD60019BB13 /* ExtendedEventRow.swift */ = {isa = PBXFileReference; lastKnownFileType = sourcecode.swift; path = ExtendedEventRow.swift; sourceTree = "<group>"; };
		AD95923D2C9DD53C0019BB13 /* ViewState.swift */ = {isa = PBXFileReference; lastKnownFileType = sourcecode.swift; path = ViewState.swift; sourceTree = "<group>"; };
		ADD1CF952C99936D00739278 /* EventsViewModelTests.swift */ = {isa = PBXFileReference; lastKnownFileType = sourcecode.swift; path = EventsViewModelTests.swift; sourceTree = "<group>"; };
		ADF08E302CA02B6000CB877A /* ResponseNetworkModel.swift */ = {isa = PBXFileReference; lastKnownFileType = sourcecode.swift; path = ResponseNetworkModel.swift; sourceTree = "<group>"; };
		ADF08E322CA02DF000CB877A /* WikipediaURLBuilder.swift */ = {isa = PBXFileReference; lastKnownFileType = sourcecode.swift; path = WikipediaURLBuilder.swift; sourceTree = "<group>"; };
		ADF4F2982CA171F70057F9CA /* ShortEventRow.swift */ = {isa = PBXFileReference; lastKnownFileType = sourcecode.swift; path = ShortEventRow.swift; sourceTree = "<group>"; };
/* End PBXFileReference section */

/* Begin PBXFrameworksBuildPhase section */
		AD2609452C9971BD00687D36 /* Frameworks */ = {
			isa = PBXFrameworksBuildPhase;
			buildActionMask = 2147483647;
			files = (
			);
			runOnlyForDeploymentPostprocessing = 0;
		};
		AD4D88E72C9841CF003DD3C4 /* Frameworks */ = {
			isa = PBXFrameworksBuildPhase;
			buildActionMask = 2147483647;
			files = (
			);
			runOnlyForDeploymentPostprocessing = 0;
		};
/* End PBXFrameworksBuildPhase section */

/* Begin PBXGroup section */
		AD2609492C9971BD00687D36 /* this-day-tests */ = {
			isa = PBXGroup;
			children = (
				AD2609512C99744B00687D36 /* Mocks */,
				AD33EDBA2C997DCB00E38CA9 /* Tests */,
			);
			path = "this-day-tests";
			sourceTree = "<group>";
		};
		AD2609512C99744B00687D36 /* Mocks */ = {
			isa = PBXGroup;
			children = (
				ADD1CF8F2C99930900739278 /* Screens */,
				AD2609522C99745600687D36 /* Services */,
			);
			path = Mocks;
			sourceTree = "<group>";
		};
		AD2609522C99745600687D36 /* Services */ = {
			isa = PBXGroup;
			children = (
				AD2609532C99746C00687D36 /* URLSessionMock.swift */,
				AD9592052C9994DA0019BB13 /* NetworkServiceMock.swift */,
			);
			path = Services;
			sourceTree = "<group>";
		};
		AD33EDBA2C997DCB00E38CA9 /* Tests */ = {
			isa = PBXGroup;
			children = (
				ADD1CF932C99935A00739278 /* Screens */,
				AD33EDBB2C997DD800E38CA9 /* Services */,
			);
			path = Tests;
			sourceTree = "<group>";
		};
		AD33EDBB2C997DD800E38CA9 /* Services */ = {
			isa = PBXGroup;
			children = (
				AD33EDBC2C997DE200E38CA9 /* NetworkServiceTests.swift */,
				AD53AA422CA1F1430024FD31 /* WikipediaParserTests.swift */,
			);
			path = Services;
			sourceTree = "<group>";
		};
		AD4D88E12C9841CF003DD3C4 = {
			isa = PBXGroup;
			children = (
				AD4D88EC2C9841CF003DD3C4 /* this-day */,
				AD2609492C9971BD00687D36 /* this-day-tests */,
				AD4D88EB2C9841CF003DD3C4 /* Products */,
			);
			sourceTree = "<group>";
		};
		AD4D88EB2C9841CF003DD3C4 /* Products */ = {
			isa = PBXGroup;
			children = (
				AD4D88EA2C9841CF003DD3C4 /* this-day.app */,
				AD2609482C9971BD00687D36 /* this-day-tests.xctest */,
			);
			name = Products;
			sourceTree = "<group>";
		};
		AD4D88EC2C9841CF003DD3C4 /* this-day */ = {
			isa = PBXGroup;
			children = (
				AD4D89082C986C89003DD3C4 /* App */,
				AD4D890C2C987002003DD3C4 /* Models */,
				AD9592332C9DC9400019BB13 /* Views */,
				AD4D88FF2C985AEA003DD3C4 /* Screens */,
				AD4D89092C986C96003DD3C4 /* Services */,
				AD4D891B2C987F50003DD3C4 /* Extensions */,
				AD95923C2C9DD52D0019BB13 /* Utils */,
				AD4D88F12C9841D0003DD3C4 /* Assets.xcassets */,
				AD4D88F32C9841D0003DD3C4 /* this_day.entitlements */,
				AD4D88F42C9841D0003DD3C4 /* Preview Content */,
			);
			path = "this-day";
			sourceTree = "<group>";
		};
		AD4D88F42C9841D0003DD3C4 /* Preview Content */ = {
			isa = PBXGroup;
			children = (
				AD4D88F52C9841D0003DD3C4 /* Preview Assets.xcassets */,
			);
			path = "Preview Content";
			sourceTree = "<group>";
		};
		AD4D88FF2C985AEA003DD3C4 /* Screens */ = {
			isa = PBXGroup;
			children = (
				AD4D89002C985AF7003DD3C4 /* Events */,
			);
			path = Screens;
			sourceTree = "<group>";
		};
		AD4D89002C985AF7003DD3C4 /* Events */ = {
			isa = PBXGroup;
			children = (
				AD53AA412CA185E10024FD31 /* Rows */,
				AD4D89062C98664F003DD3C4 /* DayViewBuilder.swift */,
				AD4D88EF2C9841CF003DD3C4 /* DayView.swift */,
				AD4D89022C985B23003DD3C4 /* DayViewModel.swift */,
			);
			path = Events;
			sourceTree = "<group>";
		};
		AD4D89082C986C89003DD3C4 /* App */ = {
			isa = PBXGroup;
			children = (
				AD4D88ED2C9841CF003DD3C4 /* ThisDayApp.swift */,
			);
			path = App;
			sourceTree = "<group>";
		};
		AD4D89092C986C96003DD3C4 /* Services */ = {
			isa = PBXGroup;
			children = (
				AD9592092C99C8E60019BB13 /* Network */,
				AD53AA442CA2A5A70024FD31 /* Storage */,
				AD4D891E2C988810003DD3C4 /* AppLogger.swift */,
			);
			path = Services;
			sourceTree = "<group>";
		};
		AD4D890C2C987002003DD3C4 /* Models */ = {
			isa = PBXGroup;
			children = (
				AD4D89142C9878D9003DD3C4 /* UI */,
				AD4D890D2C98700F003DD3C4 /* Network */,
				AD53AA502CA2AFF50024FD31 /* CoreData */,
			);
			path = Models;
			sourceTree = "<group>";
		};
		AD4D890D2C98700F003DD3C4 /* Network */ = {
			isa = PBXGroup;
			children = (
				ADF08E302CA02B6000CB877A /* ResponseNetworkModel.swift */,
				AD95922D2C9D96DA0019BB13 /* DayNetworkModel.swift */,
				AD4D89102C98703C003DD3C4 /* EventNetworkModel.swift */,
			);
			path = Network;
			sourceTree = "<group>";
		};
		AD4D89142C9878D9003DD3C4 /* UI */ = {
			isa = PBXGroup;
			children = (
				AD4D89172C987F05003DD3C4 /* ShortEvent.swift */,
				AD53AA3D2CA1858C0024FD31 /* DefaultEvent.swift */,
				AD53AA3F2CA185AA0024FD31 /* ExtendedEvent.swift */,
			);
			path = UI;
			sourceTree = "<group>";
		};
		AD4D891B2C987F50003DD3C4 /* Extensions */ = {
			isa = PBXGroup;
			children = (
				AD9592312C9DC8B70019BB13 /* View+Extension.swift */,
				AD4D891C2C987F60003DD3C4 /* Date+Extension.swift */,
			);
			path = Extensions;
			sourceTree = "<group>";
		};
		AD53AA412CA185E10024FD31 /* Rows */ = {
			isa = PBXGroup;
			children = (
				ADF4F2982CA171F70057F9CA /* ShortEventRow.swift */,
				AD53AA3B2CA182F80024FD31 /* DefaultEventRow.swift */,
				AD95923A2C9DCDD60019BB13 /* ExtendedEventRow.swift */,
			);
			path = Rows;
			sourceTree = "<group>";
		};
		AD53AA442CA2A5A70024FD31 /* Storage */ = {
			isa = PBXGroup;
			children = (
				AD53AA592CA2B64E0024FD31 /* PersistenceController.swift */,
				AD53AA452CA2A6360024FD31 /* Model.xcdatamodeld */,
			);
			path = Storage;
			sourceTree = "<group>";
		};
		AD53AA502CA2AFF50024FD31 /* CoreData */ = {
			isa = PBXGroup;
			children = (
				AD53AA632CA2B97A0024FD31 /* EventType.swift */,
				AD53AA5B2CA2B82C0024FD31 /* DayEntity+CoreDataClass.swift */,
				AD53AA5C2CA2B82C0024FD31 /* DayEntity+CoreDataProperties.swift */,
				AD53AA5D2CA2B82C0024FD31 /* EventEntity+CoreDataClass.swift */,
				AD53AA5E2CA2B82C0024FD31 /* EventEntity+CoreDataProperties.swift */,
			);
			path = CoreData;
			sourceTree = "<group>";
		};
		AD9592092C99C8E60019BB13 /* Network */ = {
			isa = PBXGroup;
			children = (
				ADF08E322CA02DF000CB877A /* WikipediaURLBuilder.swift */,
				AD95922B2C9C39F00019BB13 /* WikipediaParser.swift */,
				AD9592292C9C1D550019BB13 /* NetworkService.swift */,
				AD95920A2C99C8F60019BB13 /* NetworkServiceError.swift */,
				AD2609572C99763400687D36 /* URLSessionProtocol.swift */,
			);
			path = Network;
			sourceTree = "<group>";
		};
		AD9592332C9DC9400019BB13 /* Views */ = {
			isa = PBXGroup;
			children = (
				AD9592342C9DC9530019BB13 /* CategoryPicker.swift */,
				AD9592362C9DC9C90019BB13 /* ErrorView.swift */,
				AD9592382C9DCBAE0019BB13 /* LoadingView.swift */,
			);
			path = Views;
			sourceTree = "<group>";
		};
		AD95923C2C9DD52D0019BB13 /* Utils */ = {
			isa = PBXGroup;
			children = (
				AD95923D2C9DD53C0019BB13 /* ViewState.swift */,
			);
			path = Utils;
			sourceTree = "<group>";
		};
		ADD1CF8F2C99930900739278 /* Screens */ = {
			isa = PBXGroup;
			children = (
				ADD1CF902C99931300739278 /* Screens */,
			);
			path = Screens;
			sourceTree = "<group>";
		};
		ADD1CF902C99931300739278 /* Screens */ = {
			isa = PBXGroup;
			children = (
			);
			path = Screens;
			sourceTree = "<group>";
		};
		ADD1CF932C99935A00739278 /* Screens */ = {
			isa = PBXGroup;
			children = (
				ADD1CF942C99936200739278 /* Events */,
			);
			path = Screens;
			sourceTree = "<group>";
		};
		ADD1CF942C99936200739278 /* Events */ = {
			isa = PBXGroup;
			children = (
				ADD1CF952C99936D00739278 /* EventsViewModelTests.swift */,
			);
			path = Events;
			sourceTree = "<group>";
		};
/* End PBXGroup section */

/* Begin PBXNativeTarget section */
		AD2609472C9971BD00687D36 /* this-day-tests */ = {
			isa = PBXNativeTarget;
			buildConfigurationList = AD2609502C9971BD00687D36 /* Build configuration list for PBXNativeTarget "this-day-tests" */;
			buildPhases = (
				AD2609442C9971BD00687D36 /* Sources */,
				AD2609452C9971BD00687D36 /* Frameworks */,
				AD2609462C9971BD00687D36 /* Resources */,
			);
			buildRules = (
			);
			dependencies = (
				AD26094D2C9971BD00687D36 /* PBXTargetDependency */,
			);
			name = "this-day-tests";
			productName = "this-day-tests";
			productReference = AD2609482C9971BD00687D36 /* this-day-tests.xctest */;
			productType = "com.apple.product-type.bundle.unit-test";
		};
		AD4D88E92C9841CF003DD3C4 /* this-day */ = {
			isa = PBXNativeTarget;
			buildConfigurationList = AD4D88F92C9841D0003DD3C4 /* Build configuration list for PBXNativeTarget "this-day" */;
			buildPhases = (
				AD4D88FC2C9842FF003DD3C4 /* Run SwiftLint */,
				AD4D88E62C9841CF003DD3C4 /* Sources */,
				AD4D88E72C9841CF003DD3C4 /* Frameworks */,
				AD4D88E82C9841CF003DD3C4 /* Resources */,
			);
			buildRules = (
			);
			dependencies = (
			);
			name = "this-day";
			productName = "this-day";
			productReference = AD4D88EA2C9841CF003DD3C4 /* this-day.app */;
			productType = "com.apple.product-type.application";
		};
/* End PBXNativeTarget section */

/* Begin PBXProject section */
		AD4D88E22C9841CF003DD3C4 /* Project object */ = {
			isa = PBXProject;
			attributes = {
				BuildIndependentTargetsInParallel = 1;
				LastSwiftUpdateCheck = 1540;
				LastUpgradeCheck = 1540;
				TargetAttributes = {
					AD2609472C9971BD00687D36 = {
						CreatedOnToolsVersion = 15.4;
						TestTargetID = AD4D88E92C9841CF003DD3C4;
					};
					AD4D88E92C9841CF003DD3C4 = {
						CreatedOnToolsVersion = 15.4;
					};
				};
			};
			buildConfigurationList = AD4D88E52C9841CF003DD3C4 /* Build configuration list for PBXProject "this-day" */;
			compatibilityVersion = "Xcode 14.0";
			developmentRegion = en;
			hasScannedForEncodings = 0;
			knownRegions = (
				en,
				Base,
			);
			mainGroup = AD4D88E12C9841CF003DD3C4;
			productRefGroup = AD4D88EB2C9841CF003DD3C4 /* Products */;
			projectDirPath = "";
			projectRoot = "";
			targets = (
				AD4D88E92C9841CF003DD3C4 /* this-day */,
				AD2609472C9971BD00687D36 /* this-day-tests */,
			);
		};
/* End PBXProject section */

/* Begin PBXResourcesBuildPhase section */
		AD2609462C9971BD00687D36 /* Resources */ = {
			isa = PBXResourcesBuildPhase;
			buildActionMask = 2147483647;
			files = (
			);
			runOnlyForDeploymentPostprocessing = 0;
		};
		AD4D88E82C9841CF003DD3C4 /* Resources */ = {
			isa = PBXResourcesBuildPhase;
			buildActionMask = 2147483647;
			files = (
				AD4D88F62C9841D0003DD3C4 /* Preview Assets.xcassets in Resources */,
				AD4D88F22C9841D0003DD3C4 /* Assets.xcassets in Resources */,
			);
			runOnlyForDeploymentPostprocessing = 0;
		};
/* End PBXResourcesBuildPhase section */

/* Begin PBXShellScriptBuildPhase section */
		AD4D88FC2C9842FF003DD3C4 /* Run SwiftLint */ = {
			isa = PBXShellScriptBuildPhase;
			buildActionMask = 2147483647;
			files = (
			);
			inputFileListPaths = (
			);
			inputPaths = (
			);
			name = "Run SwiftLint";
			outputFileListPaths = (
			);
			outputPaths = (
				"${DERIVED_FILE_DIR}/swiftlint_output.txt",
			);
			runOnlyForDeploymentPostprocessing = 0;
			shellPath = /bin/sh;
			shellScript = "export PATH=\"$PATH:/opt/homebrew/bin\" # for M1/M2\nexport PATH=\"$PATH:/usr/local/bin\" # for Intel Mac\n\necho \"SRCROOT is: ${SRCROOT}\"\n\nif which swiftlint >/dev/null; then\n    CONFIG_FILE=\"${SRCROOT}/../.swiftlint.yml\"\n    SOURCE_DIR=\"${SRCROOT}\"\n\n    echo \"Config file: $CONFIG_FILE\"\n    echo \"Source dir: $SOURCE_DIR\"\n\n    swiftlint lint --config \"$CONFIG_FILE\" \"$SOURCE_DIR\"\nelse\n    echo \"warning: SwiftLint not installed, download from https://github.com/realm/SwiftLint\"\nfi\n";
		};
/* End PBXShellScriptBuildPhase section */

/* Begin PBXSourcesBuildPhase section */
		AD2609442C9971BD00687D36 /* Sources */ = {
			isa = PBXSourcesBuildPhase;
			buildActionMask = 2147483647;
			files = (
				AD2609542C99746C00687D36 /* URLSessionMock.swift in Sources */,
				AD53AA432CA1F1430024FD31 /* WikipediaParserTests.swift in Sources */,
				AD9592062C9994DA0019BB13 /* NetworkServiceMock.swift in Sources */,
				AD33EDBD2C997DE200E38CA9 /* NetworkServiceTests.swift in Sources */,
				ADD1CF962C99936F00739278 /* EventsViewModelTests.swift in Sources */,
			);
			runOnlyForDeploymentPostprocessing = 0;
		};
		AD4D88E62C9841CF003DD3C4 /* Sources */ = {
			isa = PBXSourcesBuildPhase;
			buildActionMask = 2147483647;
			files = (
				AD53AA5F2CA2B82C0024FD31 /* DayEntity+CoreDataClass.swift in Sources */,
				AD53AA602CA2B82C0024FD31 /* DayEntity+CoreDataProperties.swift in Sources */,
				AD53AA612CA2B82C0024FD31 /* EventEntity+CoreDataClass.swift in Sources */,
				AD53AA622CA2B82C0024FD31 /* EventEntity+CoreDataProperties.swift in Sources */,
				AD95922C2C9C3A000019BB13 /* WikipediaParser.swift in Sources */,
				AD9592322C9DC8C30019BB13 /* View+Extension.swift in Sources */,
				AD95923E2C9DD53E0019BB13 /* ViewState.swift in Sources */,
				AD4D88F02C9841CF003DD3C4 /* DayView.swift in Sources */,
				AD53AA3E2CA1858E0024FD31 /* DefaultEvent.swift in Sources */,
				AD4D89032C985B23003DD3C4 /* DayViewModel.swift in Sources */,
				AD4D89182C987F05003DD3C4 /* ShortEvent.swift in Sources */,
				AD4D89072C98664F003DD3C4 /* DayViewBuilder.swift in Sources */,
				AD95923B2C9DCDD60019BB13 /* ExtendedEventRow.swift in Sources */,
				AD9592372C9DC9C90019BB13 /* ErrorView.swift in Sources */,
				AD53AA642CA2B97C0024FD31 /* EventType.swift in Sources */,
				AD4D891F2C988810003DD3C4 /* AppLogger.swift in Sources */,
				AD53AA472CA2A6360024FD31 /* Model.xcdatamodeld in Sources */,
				ADF08E312CA02B6400CB877A /* ResponseNetworkModel.swift in Sources */,
				ADF08E332CA02DF100CB877A /* WikipediaURLBuilder.swift in Sources */,
				AD4D89112C98703C003DD3C4 /* EventNetworkModel.swift in Sources */,
				AD4D88EE2C9841CF003DD3C4 /* ThisDayApp.swift in Sources */,
				AD95922E2C9D96E30019BB13 /* DayNetworkModel.swift in Sources */,
				AD53AA5A2CA2B64F0024FD31 /* PersistenceController.swift in Sources */,
				ADF4F2992CA171F80057F9CA /* ShortEventRow.swift in Sources */,
				AD95922A2C9C1D580019BB13 /* NetworkService.swift in Sources */,
				AD2609582C99763400687D36 /* URLSessionProtocol.swift in Sources */,
				AD9592352C9DC9530019BB13 /* CategoryPicker.swift in Sources */,
				AD4D891D2C987F60003DD3C4 /* Date+Extension.swift in Sources */,
				AD9592392C9DCBAE0019BB13 /* LoadingView.swift in Sources */,
				AD95920B2C99C8F80019BB13 /* NetworkServiceError.swift in Sources */,
				AD53AA3C2CA182FF0024FD31 /* DefaultEventRow.swift in Sources */,
				AD53AA402CA185AD0024FD31 /* ExtendedEvent.swift in Sources */,
			);
			runOnlyForDeploymentPostprocessing = 0;
		};
/* End PBXSourcesBuildPhase section */

/* Begin PBXTargetDependency section */
		AD26094D2C9971BD00687D36 /* PBXTargetDependency */ = {
			isa = PBXTargetDependency;
			target = AD4D88E92C9841CF003DD3C4 /* this-day */;
			targetProxy = AD26094C2C9971BD00687D36 /* PBXContainerItemProxy */;
		};
/* End PBXTargetDependency section */

/* Begin XCBuildConfiguration section */
		AD26094E2C9971BD00687D36 /* Debug */ = {
			isa = XCBuildConfiguration;
			buildSettings = {
				BUNDLE_LOADER = "$(TEST_HOST)";
				CODE_SIGN_STYLE = Automatic;
				CURRENT_PROJECT_VERSION = 1;
				DEVELOPMENT_TEAM = UER9S2EB72;
				ENABLE_USER_SCRIPT_SANDBOXING = YES;
				GENERATE_INFOPLIST_FILE = YES;
				IPHONEOS_DEPLOYMENT_TARGET = 17.5;
				MACOSX_DEPLOYMENT_TARGET = 14.0;
				MARKETING_VERSION = 1.0;
				PRODUCT_BUNDLE_IDENTIFIER = "com.home.this-day-tests";
				PRODUCT_NAME = "$(TARGET_NAME)";
				SDKROOT = auto;
				SUPPORTED_PLATFORMS = "iphoneos iphonesimulator macosx";
				SWIFT_EMIT_LOC_STRINGS = NO;
				SWIFT_VERSION = 5.0;
				TARGETED_DEVICE_FAMILY = "1,2";
				TEST_HOST = "$(BUILT_PRODUCTS_DIR)/this-day.app/$(BUNDLE_EXECUTABLE_FOLDER_PATH)/this-day";
			};
			name = Debug;
		};
		AD26094F2C9971BD00687D36 /* Release */ = {
			isa = XCBuildConfiguration;
			buildSettings = {
				BUNDLE_LOADER = "$(TEST_HOST)";
				CODE_SIGN_STYLE = Automatic;
				CURRENT_PROJECT_VERSION = 1;
				DEVELOPMENT_TEAM = UER9S2EB72;
				ENABLE_USER_SCRIPT_SANDBOXING = YES;
				GENERATE_INFOPLIST_FILE = YES;
				IPHONEOS_DEPLOYMENT_TARGET = 17.5;
				MACOSX_DEPLOYMENT_TARGET = 14.0;
				MARKETING_VERSION = 1.0;
				PRODUCT_BUNDLE_IDENTIFIER = "com.home.this-day-tests";
				PRODUCT_NAME = "$(TARGET_NAME)";
				SDKROOT = auto;
				SUPPORTED_PLATFORMS = "iphoneos iphonesimulator macosx";
				SWIFT_EMIT_LOC_STRINGS = NO;
				SWIFT_VERSION = 5.0;
				TARGETED_DEVICE_FAMILY = "1,2";
				TEST_HOST = "$(BUILT_PRODUCTS_DIR)/this-day.app/$(BUNDLE_EXECUTABLE_FOLDER_PATH)/this-day";
			};
			name = Release;
		};
		AD4D88F72C9841D0003DD3C4 /* Debug */ = {
			isa = XCBuildConfiguration;
			buildSettings = {
				ALWAYS_SEARCH_USER_PATHS = NO;
				ASSETCATALOG_COMPILER_GENERATE_SWIFT_ASSET_SYMBOL_EXTENSIONS = YES;
				CLANG_ANALYZER_NONNULL = YES;
				CLANG_ANALYZER_NUMBER_OBJECT_CONVERSION = YES_AGGRESSIVE;
				CLANG_CXX_LANGUAGE_STANDARD = "gnu++20";
				CLANG_ENABLE_MODULES = YES;
				CLANG_ENABLE_OBJC_ARC = YES;
				CLANG_ENABLE_OBJC_WEAK = YES;
				CLANG_WARN_BLOCK_CAPTURE_AUTORELEASING = YES;
				CLANG_WARN_BOOL_CONVERSION = YES;
				CLANG_WARN_COMMA = YES;
				CLANG_WARN_CONSTANT_CONVERSION = YES;
				CLANG_WARN_DEPRECATED_OBJC_IMPLEMENTATIONS = YES;
				CLANG_WARN_DIRECT_OBJC_ISA_USAGE = YES_ERROR;
				CLANG_WARN_DOCUMENTATION_COMMENTS = YES;
				CLANG_WARN_EMPTY_BODY = YES;
				CLANG_WARN_ENUM_CONVERSION = YES;
				CLANG_WARN_INFINITE_RECURSION = YES;
				CLANG_WARN_INT_CONVERSION = YES;
				CLANG_WARN_NON_LITERAL_NULL_CONVERSION = YES;
				CLANG_WARN_OBJC_IMPLICIT_RETAIN_SELF = YES;
				CLANG_WARN_OBJC_LITERAL_CONVERSION = YES;
				CLANG_WARN_OBJC_ROOT_CLASS = YES_ERROR;
				CLANG_WARN_QUOTED_INCLUDE_IN_FRAMEWORK_HEADER = YES;
				CLANG_WARN_RANGE_LOOP_ANALYSIS = YES;
				CLANG_WARN_STRICT_PROTOTYPES = YES;
				CLANG_WARN_SUSPICIOUS_MOVE = YES;
				CLANG_WARN_UNGUARDED_AVAILABILITY = YES_AGGRESSIVE;
				CLANG_WARN_UNREACHABLE_CODE = YES;
				CLANG_WARN__DUPLICATE_METHOD_MATCH = YES;
				COPY_PHASE_STRIP = NO;
				DEBUG_INFORMATION_FORMAT = dwarf;
				ENABLE_STRICT_OBJC_MSGSEND = YES;
				ENABLE_TESTABILITY = YES;
				ENABLE_USER_SCRIPT_SANDBOXING = NO;
				GCC_C_LANGUAGE_STANDARD = gnu17;
				GCC_DYNAMIC_NO_PIC = NO;
				GCC_NO_COMMON_BLOCKS = YES;
				GCC_OPTIMIZATION_LEVEL = 0;
				GCC_PREPROCESSOR_DEFINITIONS = (
					"DEBUG=1",
					"$(inherited)",
				);
				GCC_WARN_64_TO_32_BIT_CONVERSION = YES;
				GCC_WARN_ABOUT_RETURN_TYPE = YES_ERROR;
				GCC_WARN_UNDECLARED_SELECTOR = YES;
				GCC_WARN_UNINITIALIZED_AUTOS = YES_AGGRESSIVE;
				GCC_WARN_UNUSED_FUNCTION = YES;
				GCC_WARN_UNUSED_VARIABLE = YES;
				LOCALIZATION_PREFERS_STRING_CATALOGS = YES;
				MTL_ENABLE_DEBUG_INFO = INCLUDE_SOURCE;
				MTL_FAST_MATH = YES;
				ONLY_ACTIVE_ARCH = YES;
				SWIFT_ACTIVE_COMPILATION_CONDITIONS = "DEBUG $(inherited)";
				SWIFT_OPTIMIZATION_LEVEL = "-Onone";
			};
			name = Debug;
		};
		AD4D88F82C9841D0003DD3C4 /* Release */ = {
			isa = XCBuildConfiguration;
			buildSettings = {
				ALWAYS_SEARCH_USER_PATHS = NO;
				ASSETCATALOG_COMPILER_GENERATE_SWIFT_ASSET_SYMBOL_EXTENSIONS = YES;
				CLANG_ANALYZER_NONNULL = YES;
				CLANG_ANALYZER_NUMBER_OBJECT_CONVERSION = YES_AGGRESSIVE;
				CLANG_CXX_LANGUAGE_STANDARD = "gnu++20";
				CLANG_ENABLE_MODULES = YES;
				CLANG_ENABLE_OBJC_ARC = YES;
				CLANG_ENABLE_OBJC_WEAK = YES;
				CLANG_WARN_BLOCK_CAPTURE_AUTORELEASING = YES;
				CLANG_WARN_BOOL_CONVERSION = YES;
				CLANG_WARN_COMMA = YES;
				CLANG_WARN_CONSTANT_CONVERSION = YES;
				CLANG_WARN_DEPRECATED_OBJC_IMPLEMENTATIONS = YES;
				CLANG_WARN_DIRECT_OBJC_ISA_USAGE = YES_ERROR;
				CLANG_WARN_DOCUMENTATION_COMMENTS = YES;
				CLANG_WARN_EMPTY_BODY = YES;
				CLANG_WARN_ENUM_CONVERSION = YES;
				CLANG_WARN_INFINITE_RECURSION = YES;
				CLANG_WARN_INT_CONVERSION = YES;
				CLANG_WARN_NON_LITERAL_NULL_CONVERSION = YES;
				CLANG_WARN_OBJC_IMPLICIT_RETAIN_SELF = YES;
				CLANG_WARN_OBJC_LITERAL_CONVERSION = YES;
				CLANG_WARN_OBJC_ROOT_CLASS = YES_ERROR;
				CLANG_WARN_QUOTED_INCLUDE_IN_FRAMEWORK_HEADER = YES;
				CLANG_WARN_RANGE_LOOP_ANALYSIS = YES;
				CLANG_WARN_STRICT_PROTOTYPES = YES;
				CLANG_WARN_SUSPICIOUS_MOVE = YES;
				CLANG_WARN_UNGUARDED_AVAILABILITY = YES_AGGRESSIVE;
				CLANG_WARN_UNREACHABLE_CODE = YES;
				CLANG_WARN__DUPLICATE_METHOD_MATCH = YES;
				COPY_PHASE_STRIP = NO;
				DEBUG_INFORMATION_FORMAT = "dwarf-with-dsym";
				ENABLE_NS_ASSERTIONS = NO;
				ENABLE_STRICT_OBJC_MSGSEND = YES;
				ENABLE_USER_SCRIPT_SANDBOXING = NO;
				GCC_C_LANGUAGE_STANDARD = gnu17;
				GCC_NO_COMMON_BLOCKS = YES;
				GCC_WARN_64_TO_32_BIT_CONVERSION = YES;
				GCC_WARN_ABOUT_RETURN_TYPE = YES_ERROR;
				GCC_WARN_UNDECLARED_SELECTOR = YES;
				GCC_WARN_UNINITIALIZED_AUTOS = YES_AGGRESSIVE;
				GCC_WARN_UNUSED_FUNCTION = YES;
				GCC_WARN_UNUSED_VARIABLE = YES;
				LOCALIZATION_PREFERS_STRING_CATALOGS = YES;
				MTL_ENABLE_DEBUG_INFO = NO;
				MTL_FAST_MATH = YES;
				SWIFT_COMPILATION_MODE = wholemodule;
			};
			name = Release;
		};
		AD4D88FA2C9841D0003DD3C4 /* Debug */ = {
			isa = XCBuildConfiguration;
			buildSettings = {
				ASSETCATALOG_COMPILER_APPICON_NAME = AppIcon;
				ASSETCATALOG_COMPILER_GLOBAL_ACCENT_COLOR_NAME = AccentColor;
				CODE_SIGN_ENTITLEMENTS = "this-day/this_day.entitlements";
				CODE_SIGN_STYLE = Automatic;
				CURRENT_PROJECT_VERSION = 1;
				DEVELOPMENT_ASSET_PATHS = "\"this-day/Preview Content\"";
				DEVELOPMENT_TEAM = UER9S2EB72;
				ENABLE_HARDENED_RUNTIME = YES;
				ENABLE_PREVIEWS = YES;
				GENERATE_INFOPLIST_FILE = YES;
				"INFOPLIST_KEY_UIApplicationSceneManifest_Generation[sdk=iphoneos*]" = YES;
				"INFOPLIST_KEY_UIApplicationSceneManifest_Generation[sdk=iphonesimulator*]" = YES;
				"INFOPLIST_KEY_UIApplicationSupportsIndirectInputEvents[sdk=iphoneos*]" = YES;
				"INFOPLIST_KEY_UIApplicationSupportsIndirectInputEvents[sdk=iphonesimulator*]" = YES;
				"INFOPLIST_KEY_UILaunchScreen_Generation[sdk=iphoneos*]" = YES;
				"INFOPLIST_KEY_UILaunchScreen_Generation[sdk=iphonesimulator*]" = YES;
				"INFOPLIST_KEY_UIStatusBarStyle[sdk=iphoneos*]" = UIStatusBarStyleDefault;
				"INFOPLIST_KEY_UIStatusBarStyle[sdk=iphonesimulator*]" = UIStatusBarStyleDefault;
				INFOPLIST_KEY_UISupportedInterfaceOrientations_iPad = "UIInterfaceOrientationPortrait UIInterfaceOrientationPortraitUpsideDown UIInterfaceOrientationLandscapeLeft UIInterfaceOrientationLandscapeRight";
				INFOPLIST_KEY_UISupportedInterfaceOrientations_iPhone = "UIInterfaceOrientationPortrait UIInterfaceOrientationLandscapeLeft UIInterfaceOrientationLandscapeRight";
				IPHONEOS_DEPLOYMENT_TARGET = 17.5;
				LD_RUNPATH_SEARCH_PATHS = "@executable_path/Frameworks";
				"LD_RUNPATH_SEARCH_PATHS[sdk=macosx*]" = "@executable_path/../Frameworks";
				MACOSX_DEPLOYMENT_TARGET = 14.0;
				MARKETING_VERSION = 1.0;
				PRODUCT_BUNDLE_IDENTIFIER = "com.home.this-day";
				PRODUCT_NAME = "$(TARGET_NAME)";
				SDKROOT = auto;
				SUPPORTED_PLATFORMS = "iphoneos iphonesimulator macosx";
				SWIFT_EMIT_LOC_STRINGS = YES;
				SWIFT_VERSION = 5.0;
				TARGETED_DEVICE_FAMILY = "1,2";
			};
			name = Debug;
		};
		AD4D88FB2C9841D0003DD3C4 /* Release */ = {
			isa = XCBuildConfiguration;
			buildSettings = {
				ASSETCATALOG_COMPILER_APPICON_NAME = AppIcon;
				ASSETCATALOG_COMPILER_GLOBAL_ACCENT_COLOR_NAME = AccentColor;
				CODE_SIGN_ENTITLEMENTS = "this-day/this_day.entitlements";
				CODE_SIGN_STYLE = Automatic;
				CURRENT_PROJECT_VERSION = 1;
				DEVELOPMENT_ASSET_PATHS = "\"this-day/Preview Content\"";
				DEVELOPMENT_TEAM = UER9S2EB72;
				ENABLE_HARDENED_RUNTIME = YES;
				ENABLE_PREVIEWS = YES;
				GENERATE_INFOPLIST_FILE = YES;
				"INFOPLIST_KEY_UIApplicationSceneManifest_Generation[sdk=iphoneos*]" = YES;
				"INFOPLIST_KEY_UIApplicationSceneManifest_Generation[sdk=iphonesimulator*]" = YES;
				"INFOPLIST_KEY_UIApplicationSupportsIndirectInputEvents[sdk=iphoneos*]" = YES;
				"INFOPLIST_KEY_UIApplicationSupportsIndirectInputEvents[sdk=iphonesimulator*]" = YES;
				"INFOPLIST_KEY_UILaunchScreen_Generation[sdk=iphoneos*]" = YES;
				"INFOPLIST_KEY_UILaunchScreen_Generation[sdk=iphonesimulator*]" = YES;
				"INFOPLIST_KEY_UIStatusBarStyle[sdk=iphoneos*]" = UIStatusBarStyleDefault;
				"INFOPLIST_KEY_UIStatusBarStyle[sdk=iphonesimulator*]" = UIStatusBarStyleDefault;
				INFOPLIST_KEY_UISupportedInterfaceOrientations_iPad = "UIInterfaceOrientationPortrait UIInterfaceOrientationPortraitUpsideDown UIInterfaceOrientationLandscapeLeft UIInterfaceOrientationLandscapeRight";
				INFOPLIST_KEY_UISupportedInterfaceOrientations_iPhone = "UIInterfaceOrientationPortrait UIInterfaceOrientationLandscapeLeft UIInterfaceOrientationLandscapeRight";
				IPHONEOS_DEPLOYMENT_TARGET = 17.5;
				LD_RUNPATH_SEARCH_PATHS = "@executable_path/Frameworks";
				"LD_RUNPATH_SEARCH_PATHS[sdk=macosx*]" = "@executable_path/../Frameworks";
				MACOSX_DEPLOYMENT_TARGET = 14.0;
				MARKETING_VERSION = 1.0;
				PRODUCT_BUNDLE_IDENTIFIER = "com.home.this-day";
				PRODUCT_NAME = "$(TARGET_NAME)";
				SDKROOT = auto;
				SUPPORTED_PLATFORMS = "iphoneos iphonesimulator macosx";
				SWIFT_EMIT_LOC_STRINGS = YES;
				SWIFT_VERSION = 5.0;
				TARGETED_DEVICE_FAMILY = "1,2";
			};
			name = Release;
		};
/* End XCBuildConfiguration section */

/* Begin XCConfigurationList section */
		AD2609502C9971BD00687D36 /* Build configuration list for PBXNativeTarget "this-day-tests" */ = {
			isa = XCConfigurationList;
			buildConfigurations = (
				AD26094E2C9971BD00687D36 /* Debug */,
				AD26094F2C9971BD00687D36 /* Release */,
			);
			defaultConfigurationIsVisible = 0;
			defaultConfigurationName = Release;
		};
		AD4D88E52C9841CF003DD3C4 /* Build configuration list for PBXProject "this-day" */ = {
			isa = XCConfigurationList;
			buildConfigurations = (
				AD4D88F72C9841D0003DD3C4 /* Debug */,
				AD4D88F82C9841D0003DD3C4 /* Release */,
			);
			defaultConfigurationIsVisible = 0;
			defaultConfigurationName = Release;
		};
		AD4D88F92C9841D0003DD3C4 /* Build configuration list for PBXNativeTarget "this-day" */ = {
			isa = XCConfigurationList;
			buildConfigurations = (
				AD4D88FA2C9841D0003DD3C4 /* Debug */,
				AD4D88FB2C9841D0003DD3C4 /* Release */,
			);
			defaultConfigurationIsVisible = 0;
			defaultConfigurationName = Release;
		};
/* End XCConfigurationList section */

/* Begin XCVersionGroup section */
		AD53AA452CA2A6360024FD31 /* Model.xcdatamodeld */ = {
			isa = XCVersionGroup;
			children = (
				AD53AA462CA2A6360024FD31 /* Model.xcdatamodel */,
			);
			currentVersion = AD53AA462CA2A6360024FD31 /* Model.xcdatamodel */;
			path = Model.xcdatamodeld;
			sourceTree = "<group>";
			versionGroupType = wrapper.xcdatamodel;
		};
/* End XCVersionGroup section */
	};
	rootObject = AD4D88E22C9841CF003DD3C4 /* Project object */;
}
