// !$*UTF8*$!
{
	archiveVersion = 1;
	classes = {
	};
	objectVersion = 56;
	objects = {

/* Begin PBXBuildFile section */
		AD1726F92CAB0629004040F6 /* LocalizationManagerMok.swift in Sources */ = {isa = PBXBuildFile; fileRef = AD1726F82CAB061B004040F6 /* LocalizationManagerMok.swift */; };
		AD2609542C99746C00687D36 /* URLSessionMock.swift in Sources */ = {isa = PBXBuildFile; fileRef = AD2609532C99746C00687D36 /* URLSessionMock.swift */; };
		AD2609582C99763400687D36 /* URLSessionProtocol.swift in Sources */ = {isa = PBXBuildFile; fileRef = AD2609572C99763400687D36 /* URLSessionProtocol.swift */; };
		AD33EDBD2C997DE200E38CA9 /* NetworkServiceTests.swift in Sources */ = {isa = PBXBuildFile; fileRef = AD33EDBC2C997DE200E38CA9 /* NetworkServiceTests.swift */; };
		AD36067E2CA724A6008D31A9 /* SettingsView.swift in Sources */ = {isa = PBXBuildFile; fileRef = AD36067D2CA724A6008D31A9 /* SettingsView.swift */; };
		AD3606802CA724BF008D31A9 /* SettingsViewBuilder.swift in Sources */ = {isa = PBXBuildFile; fileRef = AD36067F2CA724B7008D31A9 /* SettingsViewBuilder.swift */; };
		AD3606822CA72706008D31A9 /* SettingsViewModel.swift in Sources */ = {isa = PBXBuildFile; fileRef = AD3606812CA726FE008D31A9 /* SettingsViewModel.swift */; };
		AD4AC4342CABF5E800C6BFBE /* FirebaseAnalytics in Frameworks */ = {isa = PBXBuildFile; productRef = AD4AC4332CABF5E800C6BFBE /* FirebaseAnalytics */; };
		AD4AC4362CABF5E800C6BFBE /* FirebaseAuth in Frameworks */ = {isa = PBXBuildFile; productRef = AD4AC4352CABF5E800C6BFBE /* FirebaseAuth */; };
		AD4AC4382CABF5E800C6BFBE /* FirebaseAuthCombine-Community in Frameworks */ = {isa = PBXBuildFile; productRef = AD4AC4372CABF5E800C6BFBE /* FirebaseAuthCombine-Community */; };
		AD4AC43A2CABF5E800C6BFBE /* FirebaseCore in Frameworks */ = {isa = PBXBuildFile; productRef = AD4AC4392CABF5E800C6BFBE /* FirebaseCore */; };
		AD4AC43C2CABF5E800C6BFBE /* FirebaseCrashlytics in Frameworks */ = {isa = PBXBuildFile; productRef = AD4AC43B2CABF5E800C6BFBE /* FirebaseCrashlytics */; };
		AD4AC43E2CABF5E800C6BFBE /* FirebaseFirestore in Frameworks */ = {isa = PBXBuildFile; productRef = AD4AC43D2CABF5E800C6BFBE /* FirebaseFirestore */; };
		AD4AC4402CABF5E800C6BFBE /* FirebaseFirestoreCombine-Community in Frameworks */ = {isa = PBXBuildFile; productRef = AD4AC43F2CABF5E800C6BFBE /* FirebaseFirestoreCombine-Community */; };
		AD4AC4442CABFC6400C6BFBE /* GoogleService-Info.plist in Resources */ = {isa = PBXBuildFile; fileRef = AD4AC4432CABFC6400C6BFBE /* GoogleService-Info.plist */; };
		AD4AC4462CAC04EE00C6BFBE /* AuthView.swift in Sources */ = {isa = PBXBuildFile; fileRef = AD4AC4452CAC04EA00C6BFBE /* AuthView.swift */; };
		AD4AC4492CAC32DB00C6BFBE /* AuthViewModel.swift in Sources */ = {isa = PBXBuildFile; fileRef = AD4AC4482CAC32D900C6BFBE /* AuthViewModel.swift */; };
		AD4AC44B2CAC330D00C6BFBE /* AuthViewBuilder.swift in Sources */ = {isa = PBXBuildFile; fileRef = AD4AC44A2CAC330B00C6BFBE /* AuthViewBuilder.swift */; };
		AD4AC44E2CAC750A00C6BFBE /* AuthenticationError.swift in Sources */ = {isa = PBXBuildFile; fileRef = AD4AC44D2CAC750800C6BFBE /* AuthenticationError.swift */; };
		AD4AC4502CAC753C00C6BFBE /* AuthenticationService.swift in Sources */ = {isa = PBXBuildFile; fileRef = AD4AC44F2CAC753A00C6BFBE /* AuthenticationService.swift */; };
		AD4AC4522CAD663300C6BFBE /* UserInfoModel.swift in Sources */ = {isa = PBXBuildFile; fileRef = AD4AC4512CAD662900C6BFBE /* UserInfoModel.swift */; };
		AD4AC4542CAD66C200C6BFBE /* UserInfo.swift in Sources */ = {isa = PBXBuildFile; fileRef = AD4AC4532CAD66BE00C6BFBE /* UserInfo.swift */; };
		AD4AC4562CAD6D1000C6BFBE /* AuthenticationServiceMock.swift in Sources */ = {isa = PBXBuildFile; fileRef = AD4AC4552CAD6D0F00C6BFBE /* AuthenticationServiceMock.swift */; };
		AD4AC4592CAEBD2500C6BFBE /* CloudStorage.swift in Sources */ = {isa = PBXBuildFile; fileRef = AD4AC4582CAEBD2000C6BFBE /* CloudStorage.swift */; };
		AD4AC45B2CAEDE6D00C6BFBE /* DataRepository.swift in Sources */ = {isa = PBXBuildFile; fileRef = AD4AC45A2CAEDE6B00C6BFBE /* DataRepository.swift */; };
		AD4D88EE2C9841CF003DD3C4 /* ThisDayApp.swift in Sources */ = {isa = PBXBuildFile; fileRef = AD4D88ED2C9841CF003DD3C4 /* ThisDayApp.swift */; };
		AD4D88F02C9841CF003DD3C4 /* DayView.swift in Sources */ = {isa = PBXBuildFile; fileRef = AD4D88EF2C9841CF003DD3C4 /* DayView.swift */; };
		AD4D88F22C9841D0003DD3C4 /* Assets.xcassets in Resources */ = {isa = PBXBuildFile; fileRef = AD4D88F12C9841D0003DD3C4 /* Assets.xcassets */; };
		AD4D88F62C9841D0003DD3C4 /* Preview Assets.xcassets in Resources */ = {isa = PBXBuildFile; fileRef = AD4D88F52C9841D0003DD3C4 /* Preview Assets.xcassets */; };
		AD4D89032C985B23003DD3C4 /* DayViewModel.swift in Sources */ = {isa = PBXBuildFile; fileRef = AD4D89022C985B23003DD3C4 /* DayViewModel.swift */; };
		AD4D89072C98664F003DD3C4 /* DayViewBuilder.swift in Sources */ = {isa = PBXBuildFile; fileRef = AD4D89062C98664F003DD3C4 /* DayViewBuilder.swift */; };
		AD4D89112C98703C003DD3C4 /* EventNetworkModel.swift in Sources */ = {isa = PBXBuildFile; fileRef = AD4D89102C98703C003DD3C4 /* EventNetworkModel.swift */; };
		AD4D891D2C987F60003DD3C4 /* Date+Extension.swift in Sources */ = {isa = PBXBuildFile; fileRef = AD4D891C2C987F60003DD3C4 /* Date+Extension.swift */; };
		AD4D891F2C988810003DD3C4 /* AppLogger.swift in Sources */ = {isa = PBXBuildFile; fileRef = AD4D891E2C988810003DD3C4 /* AppLogger.swift */; };
		AD53AA402CA185AD0024FD31 /* Event.swift in Sources */ = {isa = PBXBuildFile; fileRef = AD53AA3F2CA185AA0024FD31 /* Event.swift */; };
		AD53AA432CA1F1430024FD31 /* WikipediaParserTests.swift in Sources */ = {isa = PBXBuildFile; fileRef = AD53AA422CA1F1430024FD31 /* WikipediaParserTests.swift */; };
		AD53AA472CA2A6360024FD31 /* Model.xcdatamodeld in Sources */ = {isa = PBXBuildFile; fileRef = AD53AA452CA2A6360024FD31 /* Model.xcdatamodeld */; };
		AD53AA5A2CA2B64F0024FD31 /* PersistenceController.swift in Sources */ = {isa = PBXBuildFile; fileRef = AD53AA592CA2B64E0024FD31 /* PersistenceController.swift */; };
		AD53AA642CA2B97C0024FD31 /* EventType.swift in Sources */ = {isa = PBXBuildFile; fileRef = AD53AA632CA2B97A0024FD31 /* EventType.swift */; };
		AD53AA672CA2BAF20024FD31 /* LocalStorage.swift in Sources */ = {isa = PBXBuildFile; fileRef = AD53AA662CA2BAF10024FD31 /* LocalStorage.swift */; };
		AD53AA6A2CA2BD640024FD31 /* StorageError.swift in Sources */ = {isa = PBXBuildFile; fileRef = AD53AA692CA2BD640024FD31 /* StorageError.swift */; };
		AD53AA6C2CA2C2C80024FD31 /* DayEntity+Helpers.swift in Sources */ = {isa = PBXBuildFile; fileRef = AD53AA6B2CA2C2C30024FD31 /* DayEntity+Helpers.swift */; };
		AD53AA6E2CA2C2EA0024FD31 /* EventEntity+Helpers.swift in Sources */ = {isa = PBXBuildFile; fileRef = AD53AA6D2CA2C2E90024FD31 /* EventEntity+Helpers.swift */; };
		AD53AA802CA4068C0024FD31 /* RowActions.swift in Sources */ = {isa = PBXBuildFile; fileRef = AD53AA7F2CA4068B0024FD31 /* RowActions.swift */; };
		AD53AA822CA435150024FD31 /* ShareableItems.swift in Sources */ = {isa = PBXBuildFile; fileRef = AD53AA812CA435140024FD31 /* ShareableItems.swift */; };
		AD53AA842CA4358F0024FD31 /* ActivityViewController.swift in Sources */ = {isa = PBXBuildFile; fileRef = AD53AA832CA4358E0024FD31 /* ActivityViewController.swift */; };
		AD53AA862CA459890024FD31 /* StorageServiceMock.swift in Sources */ = {isa = PBXBuildFile; fileRef = AD53AA852CA459850024FD31 /* StorageServiceMock.swift */; };
		AD53AA882CA470020024FD31 /* StorageServiceTests.swift in Sources */ = {isa = PBXBuildFile; fileRef = AD53AA872CA470000024FD31 /* StorageServiceTests.swift */; };
		AD5E69AD2CA6C9D800F0EEFA /* BookmarksViewModelTests.swift in Sources */ = {isa = PBXBuildFile; fileRef = AD5E69AC2CA6C9CF00F0EEFA /* BookmarksViewModelTests.swift */; };
		AD5E69AF2CA6E7C700F0EEFA /* Snackbar.swift in Sources */ = {isa = PBXBuildFile; fileRef = AD5E69AE2CA6E7C600F0EEFA /* Snackbar.swift */; };
		AD5E69B12CA6E7E800F0EEFA /* SnackbarModifier.swift in Sources */ = {isa = PBXBuildFile; fileRef = AD5E69B02CA6E7E600F0EEFA /* SnackbarModifier.swift */; };
		AD5F1F4B2CA484C000966944 /* MainTabView.swift in Sources */ = {isa = PBXBuildFile; fileRef = AD5F1F4A2CA484BE00966944 /* MainTabView.swift */; };
		AD5F1F4E2CA4870D00966944 /* BookmarksView.swift in Sources */ = {isa = PBXBuildFile; fileRef = AD5F1F4D2CA4870700966944 /* BookmarksView.swift */; };
		AD5F1F502CA4873600966944 /* BookmarksViewBuilder.swift in Sources */ = {isa = PBXBuildFile; fileRef = AD5F1F4F2CA4873200966944 /* BookmarksViewBuilder.swift */; };
		AD5F1F522CA4883600966944 /* BookmarksViewModel.swift in Sources */ = {isa = PBXBuildFile; fileRef = AD5F1F512CA4883100966944 /* BookmarksViewModel.swift */; };
		AD5F1F542CA570E500966944 /* PlaceholderView.swift in Sources */ = {isa = PBXBuildFile; fileRef = AD5F1F532CA570DF00966944 /* PlaceholderView.swift */; };
		AD5F1F572CA5841D00966944 /* BookmarkRow.swift in Sources */ = {isa = PBXBuildFile; fileRef = AD5F1F562CA5841600966944 /* BookmarkRow.swift */; };
		AD8BDFF82CA58C63006B9D58 /* BookmarkEvent.swift in Sources */ = {isa = PBXBuildFile; fileRef = AD8BDFF72CA58C4D006B9D58 /* BookmarkEvent.swift */; };
		AD9592062C9994DA0019BB13 /* NetworkServiceMock.swift in Sources */ = {isa = PBXBuildFile; fileRef = AD9592052C9994DA0019BB13 /* NetworkServiceMock.swift */; };
		AD95920B2C99C8F80019BB13 /* NetworkServiceError.swift in Sources */ = {isa = PBXBuildFile; fileRef = AD95920A2C99C8F60019BB13 /* NetworkServiceError.swift */; };
		AD95922A2C9C1D580019BB13 /* NetworkService.swift in Sources */ = {isa = PBXBuildFile; fileRef = AD9592292C9C1D550019BB13 /* NetworkService.swift */; };
		AD95922C2C9C3A000019BB13 /* WikipediaParser.swift in Sources */ = {isa = PBXBuildFile; fileRef = AD95922B2C9C39F00019BB13 /* WikipediaParser.swift */; };
		AD95922E2C9D96E30019BB13 /* DayNetworkModel.swift in Sources */ = {isa = PBXBuildFile; fileRef = AD95922D2C9D96DA0019BB13 /* DayNetworkModel.swift */; };
		AD9592322C9DC8C30019BB13 /* View+Extension.swift in Sources */ = {isa = PBXBuildFile; fileRef = AD9592312C9DC8B70019BB13 /* View+Extension.swift */; };
		AD9592352C9DC9530019BB13 /* CategoryPicker.swift in Sources */ = {isa = PBXBuildFile; fileRef = AD9592342C9DC9530019BB13 /* CategoryPicker.swift */; };
		AD9592372C9DC9C90019BB13 /* ErrorView.swift in Sources */ = {isa = PBXBuildFile; fileRef = AD9592362C9DC9C90019BB13 /* ErrorView.swift */; };
		AD9592392C9DCBAE0019BB13 /* LoadingView.swift in Sources */ = {isa = PBXBuildFile; fileRef = AD9592382C9DCBAE0019BB13 /* LoadingView.swift */; };
		AD95923B2C9DCDD60019BB13 /* ExtendedEventRow.swift in Sources */ = {isa = PBXBuildFile; fileRef = AD95923A2C9DCDD60019BB13 /* ExtendedEventRow.swift */; };
		AD95923E2C9DD53E0019BB13 /* ViewState.swift in Sources */ = {isa = PBXBuildFile; fileRef = AD95923D2C9DD53C0019BB13 /* ViewState.swift */; };
		ADD1CF962C99936F00739278 /* EventsViewModelTests.swift in Sources */ = {isa = PBXBuildFile; fileRef = ADD1CF952C99936D00739278 /* EventsViewModelTests.swift */; };
		ADE5C4FB2CA808A300FF2BF5 /* Localizable.xcstrings in Resources */ = {isa = PBXBuildFile; fileRef = ADE5C4FA2CA808A300FF2BF5 /* Localizable.xcstrings */; };
		ADE5C4FD2CA810D800FF2BF5 /* Utils.swift in Sources */ = {isa = PBXBuildFile; fileRef = ADE5C4FC2CA810CF00FF2BF5 /* Utils.swift */; };
		ADE5C5002CA81D8900FF2BF5 /* LocalizationManager.swift in Sources */ = {isa = PBXBuildFile; fileRef = ADE5C4FF2CA81D8900FF2BF5 /* LocalizationManager.swift */; };
		ADE5C5022CA81F0100FF2BF5 /* Bundle+Extrnsion.swift in Sources */ = {isa = PBXBuildFile; fileRef = ADE5C5012CA81F0000FF2BF5 /* Bundle+Extrnsion.swift */; };
		ADE5C5042CA846E500FF2BF5 /* BundleEx.swift in Sources */ = {isa = PBXBuildFile; fileRef = ADE5C5032CA846E400FF2BF5 /* BundleEx.swift */; };
		ADEDFD1F2CAA9FB0003AACA5 /* String+Extension.swift in Sources */ = {isa = PBXBuildFile; fileRef = ADEDFD1E2CAA9FAF003AACA5 /* String+Extension.swift */; };
		ADEDFD222CAAE76C003AACA5 /* DayEntity+CoreDataClass.swift in Sources */ = {isa = PBXBuildFile; fileRef = ADEDFD202CAAE76C003AACA5 /* DayEntity+CoreDataClass.swift */; };
		ADEDFD232CAAE76C003AACA5 /* DayEntity+CoreDataProperties.swift in Sources */ = {isa = PBXBuildFile; fileRef = ADEDFD212CAAE76C003AACA5 /* DayEntity+CoreDataProperties.swift */; };
		ADF08E312CA02B6400CB877A /* ResponseNetworkModel.swift in Sources */ = {isa = PBXBuildFile; fileRef = ADF08E302CA02B6000CB877A /* ResponseNetworkModel.swift */; };
		ADF08E332CA02DF100CB877A /* WikipediaURLBuilder.swift in Sources */ = {isa = PBXBuildFile; fileRef = ADF08E322CA02DF000CB877A /* WikipediaURLBuilder.swift */; };
		ADFE36922CA5A9F90050337D /* Badge.swift in Sources */ = {isa = PBXBuildFile; fileRef = ADFE36912CA5A9F60050337D /* Badge.swift */; };
		ADFE36992CA5ABDA0050337D /* BookmarkEntity+CoreDataClass.swift in Sources */ = {isa = PBXBuildFile; fileRef = ADFE36932CA5ABDA0050337D /* BookmarkEntity+CoreDataClass.swift */; };
		ADFE369A2CA5ABDA0050337D /* BookmarkEntity+CoreDataProperties.swift in Sources */ = {isa = PBXBuildFile; fileRef = ADFE36942CA5ABDA0050337D /* BookmarkEntity+CoreDataProperties.swift */; };
		ADFE369D2CA5ABDA0050337D /* EventEntity+CoreDataClass.swift in Sources */ = {isa = PBXBuildFile; fileRef = ADFE36972CA5ABDA0050337D /* EventEntity+CoreDataClass.swift */; };
		ADFE369E2CA5ABDA0050337D /* EventEntity+CoreDataProperties.swift in Sources */ = {isa = PBXBuildFile; fileRef = ADFE36982CA5ABDA0050337D /* EventEntity+CoreDataProperties.swift */; };
/* End PBXBuildFile section */

/* Begin PBXContainerItemProxy section */
		ADEDFD242CAB053D003AACA5 /* PBXContainerItemProxy */ = {
			isa = PBXContainerItemProxy;
			containerPortal = AD4D88E22C9841CF003DD3C4 /* Project object */;
			proxyType = 1;
			remoteGlobalIDString = AD4D88E92C9841CF003DD3C4;
			remoteInfo = "this-day";
		};
/* End PBXContainerItemProxy section */

/* Begin PBXFileReference section */
		AD1726F72CAB0594004040F6 /* TestPlan.xctestplan */ = {isa = PBXFileReference; lastKnownFileType = text; path = TestPlan.xctestplan; sourceTree = "<group>"; };
		AD1726F82CAB061B004040F6 /* LocalizationManagerMok.swift */ = {isa = PBXFileReference; lastKnownFileType = sourcecode.swift; path = LocalizationManagerMok.swift; sourceTree = "<group>"; };
		AD2609482C9971BD00687D36 /* this-day-tests.xctest */ = {isa = PBXFileReference; explicitFileType = wrapper.cfbundle; includeInIndex = 0; path = "this-day-tests.xctest"; sourceTree = BUILT_PRODUCTS_DIR; };
		AD2609532C99746C00687D36 /* URLSessionMock.swift */ = {isa = PBXFileReference; lastKnownFileType = sourcecode.swift; path = URLSessionMock.swift; sourceTree = "<group>"; };
		AD2609572C99763400687D36 /* URLSessionProtocol.swift */ = {isa = PBXFileReference; lastKnownFileType = sourcecode.swift; path = URLSessionProtocol.swift; sourceTree = "<group>"; };
		AD33EDBC2C997DE200E38CA9 /* NetworkServiceTests.swift */ = {isa = PBXFileReference; lastKnownFileType = sourcecode.swift; path = NetworkServiceTests.swift; sourceTree = "<group>"; };
		AD36067D2CA724A6008D31A9 /* SettingsView.swift */ = {isa = PBXFileReference; lastKnownFileType = sourcecode.swift; path = SettingsView.swift; sourceTree = "<group>"; };
		AD36067F2CA724B7008D31A9 /* SettingsViewBuilder.swift */ = {isa = PBXFileReference; lastKnownFileType = sourcecode.swift; path = SettingsViewBuilder.swift; sourceTree = "<group>"; };
		AD3606812CA726FE008D31A9 /* SettingsViewModel.swift */ = {isa = PBXFileReference; lastKnownFileType = sourcecode.swift; path = SettingsViewModel.swift; sourceTree = "<group>"; };
		AD4AC4432CABFC6400C6BFBE /* GoogleService-Info.plist */ = {isa = PBXFileReference; lastKnownFileType = text.plist.xml; path = "GoogleService-Info.plist"; sourceTree = "<group>"; };
		AD4AC4452CAC04EA00C6BFBE /* AuthView.swift */ = {isa = PBXFileReference; lastKnownFileType = sourcecode.swift; path = AuthView.swift; sourceTree = "<group>"; };
		AD4AC4482CAC32D900C6BFBE /* AuthViewModel.swift */ = {isa = PBXFileReference; lastKnownFileType = sourcecode.swift; path = AuthViewModel.swift; sourceTree = "<group>"; };
		AD4AC44A2CAC330B00C6BFBE /* AuthViewBuilder.swift */ = {isa = PBXFileReference; lastKnownFileType = sourcecode.swift; path = AuthViewBuilder.swift; sourceTree = "<group>"; };
		AD4AC44D2CAC750800C6BFBE /* AuthenticationError.swift */ = {isa = PBXFileReference; lastKnownFileType = sourcecode.swift; path = AuthenticationError.swift; sourceTree = "<group>"; };
		AD4AC44F2CAC753A00C6BFBE /* AuthenticationService.swift */ = {isa = PBXFileReference; lastKnownFileType = sourcecode.swift; path = AuthenticationService.swift; sourceTree = "<group>"; };
		AD4AC4512CAD662900C6BFBE /* UserInfoModel.swift */ = {isa = PBXFileReference; lastKnownFileType = sourcecode.swift; path = UserInfoModel.swift; sourceTree = "<group>"; };
		AD4AC4532CAD66BE00C6BFBE /* UserInfo.swift */ = {isa = PBXFileReference; lastKnownFileType = sourcecode.swift; path = UserInfo.swift; sourceTree = "<group>"; };
		AD4AC4552CAD6D0F00C6BFBE /* AuthenticationServiceMock.swift */ = {isa = PBXFileReference; lastKnownFileType = sourcecode.swift; path = AuthenticationServiceMock.swift; sourceTree = "<group>"; };
		AD4AC4582CAEBD2000C6BFBE /* CloudStorage.swift */ = {isa = PBXFileReference; lastKnownFileType = sourcecode.swift; path = CloudStorage.swift; sourceTree = "<group>"; };
		AD4AC45A2CAEDE6B00C6BFBE /* DataRepository.swift */ = {isa = PBXFileReference; lastKnownFileType = sourcecode.swift; path = DataRepository.swift; sourceTree = "<group>"; };
		AD4D88EA2C9841CF003DD3C4 /* this-day.app */ = {isa = PBXFileReference; explicitFileType = wrapper.application; includeInIndex = 0; path = "this-day.app"; sourceTree = BUILT_PRODUCTS_DIR; };
		AD4D88ED2C9841CF003DD3C4 /* ThisDayApp.swift */ = {isa = PBXFileReference; lastKnownFileType = sourcecode.swift; path = ThisDayApp.swift; sourceTree = "<group>"; };
		AD4D88EF2C9841CF003DD3C4 /* DayView.swift */ = {isa = PBXFileReference; lastKnownFileType = sourcecode.swift; path = DayView.swift; sourceTree = "<group>"; };
		AD4D88F12C9841D0003DD3C4 /* Assets.xcassets */ = {isa = PBXFileReference; lastKnownFileType = folder.assetcatalog; path = Assets.xcassets; sourceTree = "<group>"; };
		AD4D88F32C9841D0003DD3C4 /* this_day.entitlements */ = {isa = PBXFileReference; lastKnownFileType = text.plist.entitlements; path = this_day.entitlements; sourceTree = "<group>"; };
		AD4D88F52C9841D0003DD3C4 /* Preview Assets.xcassets */ = {isa = PBXFileReference; lastKnownFileType = folder.assetcatalog; path = "Preview Assets.xcassets"; sourceTree = "<group>"; };
		AD4D89022C985B23003DD3C4 /* DayViewModel.swift */ = {isa = PBXFileReference; lastKnownFileType = sourcecode.swift; path = DayViewModel.swift; sourceTree = "<group>"; };
		AD4D89062C98664F003DD3C4 /* DayViewBuilder.swift */ = {isa = PBXFileReference; lastKnownFileType = sourcecode.swift; path = DayViewBuilder.swift; sourceTree = "<group>"; };
		AD4D89102C98703C003DD3C4 /* EventNetworkModel.swift */ = {isa = PBXFileReference; lastKnownFileType = sourcecode.swift; path = EventNetworkModel.swift; sourceTree = "<group>"; };
		AD4D891C2C987F60003DD3C4 /* Date+Extension.swift */ = {isa = PBXFileReference; lastKnownFileType = sourcecode.swift; path = "Date+Extension.swift"; sourceTree = "<group>"; };
		AD4D891E2C988810003DD3C4 /* AppLogger.swift */ = {isa = PBXFileReference; lastKnownFileType = sourcecode.swift; path = AppLogger.swift; sourceTree = "<group>"; };
		AD53AA3F2CA185AA0024FD31 /* Event.swift */ = {isa = PBXFileReference; lastKnownFileType = sourcecode.swift; path = Event.swift; sourceTree = "<group>"; };
		AD53AA422CA1F1430024FD31 /* WikipediaParserTests.swift */ = {isa = PBXFileReference; lastKnownFileType = sourcecode.swift; path = WikipediaParserTests.swift; sourceTree = "<group>"; };
		AD53AA462CA2A6360024FD31 /* Model.xcdatamodel */ = {isa = PBXFileReference; lastKnownFileType = wrapper.xcdatamodel; path = Model.xcdatamodel; sourceTree = "<group>"; };
		AD53AA592CA2B64E0024FD31 /* PersistenceController.swift */ = {isa = PBXFileReference; lastKnownFileType = sourcecode.swift; path = PersistenceController.swift; sourceTree = "<group>"; };
		AD53AA632CA2B97A0024FD31 /* EventType.swift */ = {isa = PBXFileReference; lastKnownFileType = sourcecode.swift; path = EventType.swift; sourceTree = "<group>"; };
		AD53AA662CA2BAF10024FD31 /* LocalStorage.swift */ = {isa = PBXFileReference; lastKnownFileType = sourcecode.swift; path = LocalStorage.swift; sourceTree = "<group>"; };
		AD53AA692CA2BD640024FD31 /* StorageError.swift */ = {isa = PBXFileReference; lastKnownFileType = sourcecode.swift; path = StorageError.swift; sourceTree = "<group>"; };
		AD53AA6B2CA2C2C30024FD31 /* DayEntity+Helpers.swift */ = {isa = PBXFileReference; lastKnownFileType = sourcecode.swift; path = "DayEntity+Helpers.swift"; sourceTree = "<group>"; };
		AD53AA6D2CA2C2E90024FD31 /* EventEntity+Helpers.swift */ = {isa = PBXFileReference; lastKnownFileType = sourcecode.swift; path = "EventEntity+Helpers.swift"; sourceTree = "<group>"; };
		AD53AA7F2CA4068B0024FD31 /* RowActions.swift */ = {isa = PBXFileReference; lastKnownFileType = sourcecode.swift; path = RowActions.swift; sourceTree = "<group>"; };
		AD53AA812CA435140024FD31 /* ShareableItems.swift */ = {isa = PBXFileReference; lastKnownFileType = sourcecode.swift; path = ShareableItems.swift; sourceTree = "<group>"; };
		AD53AA832CA4358E0024FD31 /* ActivityViewController.swift */ = {isa = PBXFileReference; lastKnownFileType = sourcecode.swift; path = ActivityViewController.swift; sourceTree = "<group>"; };
		AD53AA852CA459850024FD31 /* StorageServiceMock.swift */ = {isa = PBXFileReference; lastKnownFileType = sourcecode.swift; path = StorageServiceMock.swift; sourceTree = "<group>"; };
		AD53AA872CA470000024FD31 /* StorageServiceTests.swift */ = {isa = PBXFileReference; lastKnownFileType = sourcecode.swift; path = StorageServiceTests.swift; sourceTree = "<group>"; };
		AD5E69AC2CA6C9CF00F0EEFA /* BookmarksViewModelTests.swift */ = {isa = PBXFileReference; lastKnownFileType = sourcecode.swift; path = BookmarksViewModelTests.swift; sourceTree = "<group>"; };
		AD5E69AE2CA6E7C600F0EEFA /* Snackbar.swift */ = {isa = PBXFileReference; lastKnownFileType = sourcecode.swift; path = Snackbar.swift; sourceTree = "<group>"; };
		AD5E69B02CA6E7E600F0EEFA /* SnackbarModifier.swift */ = {isa = PBXFileReference; lastKnownFileType = sourcecode.swift; path = SnackbarModifier.swift; sourceTree = "<group>"; };
		AD5F1F4A2CA484BE00966944 /* MainTabView.swift */ = {isa = PBXFileReference; lastKnownFileType = sourcecode.swift; path = MainTabView.swift; sourceTree = "<group>"; };
		AD5F1F4D2CA4870700966944 /* BookmarksView.swift */ = {isa = PBXFileReference; lastKnownFileType = sourcecode.swift; path = BookmarksView.swift; sourceTree = "<group>"; };
		AD5F1F4F2CA4873200966944 /* BookmarksViewBuilder.swift */ = {isa = PBXFileReference; lastKnownFileType = sourcecode.swift; path = BookmarksViewBuilder.swift; sourceTree = "<group>"; };
		AD5F1F512CA4883100966944 /* BookmarksViewModel.swift */ = {isa = PBXFileReference; lastKnownFileType = sourcecode.swift; path = BookmarksViewModel.swift; sourceTree = "<group>"; };
		AD5F1F532CA570DF00966944 /* PlaceholderView.swift */ = {isa = PBXFileReference; lastKnownFileType = sourcecode.swift; path = PlaceholderView.swift; sourceTree = "<group>"; };
		AD5F1F562CA5841600966944 /* BookmarkRow.swift */ = {isa = PBXFileReference; lastKnownFileType = sourcecode.swift; path = BookmarkRow.swift; sourceTree = "<group>"; };
		AD8BDFF72CA58C4D006B9D58 /* BookmarkEvent.swift */ = {isa = PBXFileReference; lastKnownFileType = sourcecode.swift; path = BookmarkEvent.swift; sourceTree = "<group>"; };
		AD9592052C9994DA0019BB13 /* NetworkServiceMock.swift */ = {isa = PBXFileReference; lastKnownFileType = sourcecode.swift; path = NetworkServiceMock.swift; sourceTree = "<group>"; };
		AD95920A2C99C8F60019BB13 /* NetworkServiceError.swift */ = {isa = PBXFileReference; lastKnownFileType = sourcecode.swift; path = NetworkServiceError.swift; sourceTree = "<group>"; };
		AD9592292C9C1D550019BB13 /* NetworkService.swift */ = {isa = PBXFileReference; lastKnownFileType = sourcecode.swift; path = NetworkService.swift; sourceTree = "<group>"; };
		AD95922B2C9C39F00019BB13 /* WikipediaParser.swift */ = {isa = PBXFileReference; lastKnownFileType = sourcecode.swift; path = WikipediaParser.swift; sourceTree = "<group>"; };
		AD95922D2C9D96DA0019BB13 /* DayNetworkModel.swift */ = {isa = PBXFileReference; lastKnownFileType = sourcecode.swift; path = DayNetworkModel.swift; sourceTree = "<group>"; };
		AD9592312C9DC8B70019BB13 /* View+Extension.swift */ = {isa = PBXFileReference; lastKnownFileType = sourcecode.swift; path = "View+Extension.swift"; sourceTree = "<group>"; };
		AD9592342C9DC9530019BB13 /* CategoryPicker.swift */ = {isa = PBXFileReference; lastKnownFileType = sourcecode.swift; path = CategoryPicker.swift; sourceTree = "<group>"; };
		AD9592362C9DC9C90019BB13 /* ErrorView.swift */ = {isa = PBXFileReference; lastKnownFileType = sourcecode.swift; path = ErrorView.swift; sourceTree = "<group>"; };
		AD9592382C9DCBAE0019BB13 /* LoadingView.swift */ = {isa = PBXFileReference; lastKnownFileType = sourcecode.swift; path = LoadingView.swift; sourceTree = "<group>"; };
		AD95923A2C9DCDD60019BB13 /* ExtendedEventRow.swift */ = {isa = PBXFileReference; lastKnownFileType = sourcecode.swift; path = ExtendedEventRow.swift; sourceTree = "<group>"; };
		AD95923D2C9DD53C0019BB13 /* ViewState.swift */ = {isa = PBXFileReference; lastKnownFileType = sourcecode.swift; path = ViewState.swift; sourceTree = "<group>"; };
		ADD1CF952C99936D00739278 /* EventsViewModelTests.swift */ = {isa = PBXFileReference; lastKnownFileType = sourcecode.swift; path = EventsViewModelTests.swift; sourceTree = "<group>"; };
		ADE5C4FA2CA808A300FF2BF5 /* Localizable.xcstrings */ = {isa = PBXFileReference; lastKnownFileType = text.json.xcstrings; path = Localizable.xcstrings; sourceTree = "<group>"; };
		ADE5C4FC2CA810CF00FF2BF5 /* Utils.swift */ = {isa = PBXFileReference; lastKnownFileType = sourcecode.swift; path = Utils.swift; sourceTree = "<group>"; };
		ADE5C4FF2CA81D8900FF2BF5 /* LocalizationManager.swift */ = {isa = PBXFileReference; lastKnownFileType = sourcecode.swift; path = LocalizationManager.swift; sourceTree = "<group>"; };
		ADE5C5012CA81F0000FF2BF5 /* Bundle+Extrnsion.swift */ = {isa = PBXFileReference; lastKnownFileType = sourcecode.swift; path = "Bundle+Extrnsion.swift"; sourceTree = "<group>"; };
		ADE5C5032CA846E400FF2BF5 /* BundleEx.swift */ = {isa = PBXFileReference; lastKnownFileType = sourcecode.swift; path = BundleEx.swift; sourceTree = "<group>"; };
		ADEDFD1E2CAA9FAF003AACA5 /* String+Extension.swift */ = {isa = PBXFileReference; lastKnownFileType = sourcecode.swift; path = "String+Extension.swift"; sourceTree = "<group>"; };
		ADEDFD202CAAE76C003AACA5 /* DayEntity+CoreDataClass.swift */ = {isa = PBXFileReference; lastKnownFileType = sourcecode.swift; path = "DayEntity+CoreDataClass.swift"; sourceTree = "<group>"; };
		ADEDFD212CAAE76C003AACA5 /* DayEntity+CoreDataProperties.swift */ = {isa = PBXFileReference; lastKnownFileType = sourcecode.swift; path = "DayEntity+CoreDataProperties.swift"; sourceTree = "<group>"; };
		ADF08E302CA02B6000CB877A /* ResponseNetworkModel.swift */ = {isa = PBXFileReference; lastKnownFileType = sourcecode.swift; path = ResponseNetworkModel.swift; sourceTree = "<group>"; };
		ADF08E322CA02DF000CB877A /* WikipediaURLBuilder.swift */ = {isa = PBXFileReference; lastKnownFileType = sourcecode.swift; path = WikipediaURLBuilder.swift; sourceTree = "<group>"; };
		ADFE36912CA5A9F60050337D /* Badge.swift */ = {isa = PBXFileReference; lastKnownFileType = sourcecode.swift; path = Badge.swift; sourceTree = "<group>"; };
		ADFE36932CA5ABDA0050337D /* BookmarkEntity+CoreDataClass.swift */ = {isa = PBXFileReference; lastKnownFileType = sourcecode.swift; path = "BookmarkEntity+CoreDataClass.swift"; sourceTree = "<group>"; };
		ADFE36942CA5ABDA0050337D /* BookmarkEntity+CoreDataProperties.swift */ = {isa = PBXFileReference; lastKnownFileType = sourcecode.swift; path = "BookmarkEntity+CoreDataProperties.swift"; sourceTree = "<group>"; };
		ADFE36972CA5ABDA0050337D /* EventEntity+CoreDataClass.swift */ = {isa = PBXFileReference; lastKnownFileType = sourcecode.swift; path = "EventEntity+CoreDataClass.swift"; sourceTree = "<group>"; };
		ADFE36982CA5ABDA0050337D /* EventEntity+CoreDataProperties.swift */ = {isa = PBXFileReference; lastKnownFileType = sourcecode.swift; path = "EventEntity+CoreDataProperties.swift"; sourceTree = "<group>"; };
/* End PBXFileReference section */

/* Begin PBXFrameworksBuildPhase section */
		AD2609452C9971BD00687D36 /* Frameworks */ = {
			isa = PBXFrameworksBuildPhase;
			buildActionMask = 2147483647;
			files = (
			);
			runOnlyForDeploymentPostprocessing = 0;
		};
		AD4D88E72C9841CF003DD3C4 /* Frameworks */ = {
			isa = PBXFrameworksBuildPhase;
			buildActionMask = 2147483647;
			files = (
				AD4AC4342CABF5E800C6BFBE /* FirebaseAnalytics in Frameworks */,
				AD4AC4382CABF5E800C6BFBE /* FirebaseAuthCombine-Community in Frameworks */,
				AD4AC43C2CABF5E800C6BFBE /* FirebaseCrashlytics in Frameworks */,
				AD4AC43A2CABF5E800C6BFBE /* FirebaseCore in Frameworks */,
				AD4AC4362CABF5E800C6BFBE /* FirebaseAuth in Frameworks */,
				AD4AC43E2CABF5E800C6BFBE /* FirebaseFirestore in Frameworks */,
				AD4AC4402CABF5E800C6BFBE /* FirebaseFirestoreCombine-Community in Frameworks */,
			);
			runOnlyForDeploymentPostprocessing = 0;
		};
/* End PBXFrameworksBuildPhase section */

/* Begin PBXGroup section */
		AD2609492C9971BD00687D36 /* this-day-tests */ = {
			isa = PBXGroup;
			children = (
				AD2609512C99744B00687D36 /* Mocks */,
				AD33EDBA2C997DCB00E38CA9 /* Tests */,
			);
			path = "this-day-tests";
			sourceTree = "<group>";
		};
		AD2609512C99744B00687D36 /* Mocks */ = {
			isa = PBXGroup;
			children = (
				ADD1CF8F2C99930900739278 /* Screens */,
				AD2609522C99745600687D36 /* Services */,
			);
			path = Mocks;
			sourceTree = "<group>";
		};
		AD2609522C99745600687D36 /* Services */ = {
			isa = PBXGroup;
			children = (
				AD4AC4552CAD6D0F00C6BFBE /* AuthenticationServiceMock.swift */,
				AD2609532C99746C00687D36 /* URLSessionMock.swift */,
				AD9592052C9994DA0019BB13 /* NetworkServiceMock.swift */,
				AD53AA852CA459850024FD31 /* StorageServiceMock.swift */,
				AD1726F82CAB061B004040F6 /* LocalizationManagerMok.swift */,
			);
			path = Services;
			sourceTree = "<group>";
		};
		AD33EDBA2C997DCB00E38CA9 /* Tests */ = {
			isa = PBXGroup;
			children = (
				ADD1CF932C99935A00739278 /* Screens */,
				AD33EDBB2C997DD800E38CA9 /* Services */,
			);
			path = Tests;
			sourceTree = "<group>";
		};
		AD33EDBB2C997DD800E38CA9 /* Services */ = {
			isa = PBXGroup;
			children = (
				AD33EDBC2C997DE200E38CA9 /* NetworkServiceTests.swift */,
				AD53AA872CA470000024FD31 /* StorageServiceTests.swift */,
				AD53AA422CA1F1430024FD31 /* WikipediaParserTests.swift */,
			);
			path = Services;
			sourceTree = "<group>";
		};
		AD36067A2CA72476008D31A9 /* Settings */ = {
			isa = PBXGroup;
			children = (
				AD36067F2CA724B7008D31A9 /* SettingsViewBuilder.swift */,
				AD36067D2CA724A6008D31A9 /* SettingsView.swift */,
				AD3606812CA726FE008D31A9 /* SettingsViewModel.swift */,
			);
			path = Settings;
			sourceTree = "<group>";
		};
		AD4AC4472CAC32C100C6BFBE /* Auth */ = {
			isa = PBXGroup;
			children = (
				AD4AC44A2CAC330B00C6BFBE /* AuthViewBuilder.swift */,
				AD4AC4452CAC04EA00C6BFBE /* AuthView.swift */,
				AD4AC4482CAC32D900C6BFBE /* AuthViewModel.swift */,
			);
			path = Auth;
			sourceTree = "<group>";
		};
		AD4AC44C2CAC74FB00C6BFBE /* Authentication */ = {
			isa = PBXGroup;
			children = (
				AD4AC44F2CAC753A00C6BFBE /* AuthenticationService.swift */,
				AD4AC44D2CAC750800C6BFBE /* AuthenticationError.swift */,
			);
			path = Authentication;
			sourceTree = "<group>";
		};
		AD4AC4572CAD72F400C6BFBE /* Settings */ = {
			isa = PBXGroup;
			children = (
			);
			path = Settings;
			sourceTree = "<group>";
		};
		AD4D88E12C9841CF003DD3C4 = {
			isa = PBXGroup;
			children = (
				AD1726F72CAB0594004040F6 /* TestPlan.xctestplan */,
				AD4D88EC2C9841CF003DD3C4 /* this-day */,
				AD2609492C9971BD00687D36 /* this-day-tests */,
				AD4D88EB2C9841CF003DD3C4 /* Products */,
			);
			sourceTree = "<group>";
		};
		AD4D88EB2C9841CF003DD3C4 /* Products */ = {
			isa = PBXGroup;
			children = (
				AD4D88EA2C9841CF003DD3C4 /* this-day.app */,
				AD2609482C9971BD00687D36 /* this-day-tests.xctest */,
			);
			name = Products;
			sourceTree = "<group>";
		};
		AD4D88EC2C9841CF003DD3C4 /* this-day */ = {
			isa = PBXGroup;
			children = (
				AD4D89082C986C89003DD3C4 /* App */,
				AD4D890C2C987002003DD3C4 /* Models */,
				AD9592332C9DC9400019BB13 /* Views */,
				AD4D88FF2C985AEA003DD3C4 /* Screens */,
				AD4D89092C986C96003DD3C4 /* Services */,
				AD4D891B2C987F50003DD3C4 /* Extensions */,
				AD95923C2C9DD52D0019BB13 /* Utils */,
				ADE5C4F92CA8085700FF2BF5 /* Resources */,
				AD4D88F12C9841D0003DD3C4 /* Assets.xcassets */,
				AD4D88F32C9841D0003DD3C4 /* this_day.entitlements */,
				AD4D88F42C9841D0003DD3C4 /* Preview Content */,
			);
			path = "this-day";
			sourceTree = "<group>";
		};
		AD4D88F42C9841D0003DD3C4 /* Preview Content */ = {
			isa = PBXGroup;
			children = (
				AD4D88F52C9841D0003DD3C4 /* Preview Assets.xcassets */,
			);
			path = "Preview Content";
			sourceTree = "<group>";
		};
		AD4D88FF2C985AEA003DD3C4 /* Screens */ = {
			isa = PBXGroup;
			children = (
				AD5F1F4A2CA484BE00966944 /* MainTabView.swift */,
				AD4AC4472CAC32C100C6BFBE /* Auth */,
				AD5F1F4C2CA486EB00966944 /* Bookmarks */,
				AD4D89002C985AF7003DD3C4 /* Events */,
				AD36067A2CA72476008D31A9 /* Settings */,
			);
			path = Screens;
			sourceTree = "<group>";
		};
		AD4D89002C985AF7003DD3C4 /* Events */ = {
			isa = PBXGroup;
			children = (
				AD53AA412CA185E10024FD31 /* Rows */,
				AD4D89062C98664F003DD3C4 /* DayViewBuilder.swift */,
				AD4D88EF2C9841CF003DD3C4 /* DayView.swift */,
				AD4D89022C985B23003DD3C4 /* DayViewModel.swift */,
			);
			path = Events;
			sourceTree = "<group>";
		};
		AD4D89082C986C89003DD3C4 /* App */ = {
			isa = PBXGroup;
			children = (
				AD4D88ED2C9841CF003DD3C4 /* ThisDayApp.swift */,
			);
			path = App;
			sourceTree = "<group>";
		};
		AD4D89092C986C96003DD3C4 /* Services */ = {
			isa = PBXGroup;
			children = (
				AD4AC44C2CAC74FB00C6BFBE /* Authentication */,
				ADE5C4FE2CA81D6B00FF2BF5 /* Localization */,
				AD9592092C99C8E60019BB13 /* Network */,
				AD53AA442CA2A5A70024FD31 /* Storage */,
				AD4D891E2C988810003DD3C4 /* AppLogger.swift */,
			);
			path = Services;
			sourceTree = "<group>";
		};
		AD4D890C2C987002003DD3C4 /* Models */ = {
			isa = PBXGroup;
			children = (
				AD4D89142C9878D9003DD3C4 /* UI */,
				AD4D890D2C98700F003DD3C4 /* Network */,
				AD53AA502CA2AFF50024FD31 /* CoreData */,
			);
			path = Models;
			sourceTree = "<group>";
		};
		AD4D890D2C98700F003DD3C4 /* Network */ = {
			isa = PBXGroup;
			children = (
				AD4AC4512CAD662900C6BFBE /* UserInfoModel.swift */,
				ADF08E302CA02B6000CB877A /* ResponseNetworkModel.swift */,
				AD95922D2C9D96DA0019BB13 /* DayNetworkModel.swift */,
				AD4D89102C98703C003DD3C4 /* EventNetworkModel.swift */,
			);
			path = Network;
			sourceTree = "<group>";
		};
		AD4D89142C9878D9003DD3C4 /* UI */ = {
			isa = PBXGroup;
			children = (
				AD4AC4532CAD66BE00C6BFBE /* UserInfo.swift */,
				AD53AA3F2CA185AA0024FD31 /* Event.swift */,
				AD8BDFF72CA58C4D006B9D58 /* BookmarkEvent.swift */,
			);
			path = UI;
			sourceTree = "<group>";
		};
		AD4D891B2C987F50003DD3C4 /* Extensions */ = {
			isa = PBXGroup;
			children = (
				ADEDFD1E2CAA9FAF003AACA5 /* String+Extension.swift */,
				ADE5C5012CA81F0000FF2BF5 /* Bundle+Extrnsion.swift */,
				AD9592312C9DC8B70019BB13 /* View+Extension.swift */,
				AD4D891C2C987F60003DD3C4 /* Date+Extension.swift */,
			);
			path = Extensions;
			sourceTree = "<group>";
		};
		AD53AA412CA185E10024FD31 /* Rows */ = {
			isa = PBXGroup;
			children = (
				AD95923A2C9DCDD60019BB13 /* ExtendedEventRow.swift */,
			);
			path = Rows;
			sourceTree = "<group>";
		};
		AD53AA442CA2A5A70024FD31 /* Storage */ = {
			isa = PBXGroup;
			children = (
				AD4AC45A2CAEDE6B00C6BFBE /* DataRepository.swift */,
				AD53AA692CA2BD640024FD31 /* StorageError.swift */,
				AD4AC4582CAEBD2000C6BFBE /* CloudStorage.swift */,
				AD53AA662CA2BAF10024FD31 /* LocalStorage.swift */,
				AD53AA592CA2B64E0024FD31 /* PersistenceController.swift */,
			);
			path = Storage;
			sourceTree = "<group>";
		};
		AD53AA502CA2AFF50024FD31 /* CoreData */ = {
			isa = PBXGroup;
			children = (
				AD53AA452CA2A6360024FD31 /* Model.xcdatamodeld */,
				AD53AA632CA2B97A0024FD31 /* EventType.swift */,
				ADFE36932CA5ABDA0050337D /* BookmarkEntity+CoreDataClass.swift */,
				ADFE36942CA5ABDA0050337D /* BookmarkEntity+CoreDataProperties.swift */,
				ADEDFD202CAAE76C003AACA5 /* DayEntity+CoreDataClass.swift */,
				ADEDFD212CAAE76C003AACA5 /* DayEntity+CoreDataProperties.swift */,
				AD53AA6B2CA2C2C30024FD31 /* DayEntity+Helpers.swift */,
				ADFE36972CA5ABDA0050337D /* EventEntity+CoreDataClass.swift */,
				ADFE36982CA5ABDA0050337D /* EventEntity+CoreDataProperties.swift */,
				AD53AA6D2CA2C2E90024FD31 /* EventEntity+Helpers.swift */,
			);
			path = CoreData;
			sourceTree = "<group>";
		};
		AD5E69AB2CA6C95600F0EEFA /* Bookmarks */ = {
			isa = PBXGroup;
			children = (
				AD5E69AC2CA6C9CF00F0EEFA /* BookmarksViewModelTests.swift */,
			);
			path = Bookmarks;
			sourceTree = "<group>";
		};
		AD5E69B22CA6E82100F0EEFA /* Snackbar */ = {
			isa = PBXGroup;
			children = (
				AD5E69AE2CA6E7C600F0EEFA /* Snackbar.swift */,
				AD5E69B02CA6E7E600F0EEFA /* SnackbarModifier.swift */,
			);
			path = Snackbar;
			sourceTree = "<group>";
		};
		AD5F1F4C2CA486EB00966944 /* Bookmarks */ = {
			isa = PBXGroup;
			children = (
				AD5F1F552CA5840A00966944 /* Rows */,
				AD5F1F4F2CA4873200966944 /* BookmarksViewBuilder.swift */,
				AD5F1F4D2CA4870700966944 /* BookmarksView.swift */,
				AD5F1F512CA4883100966944 /* BookmarksViewModel.swift */,
			);
			path = Bookmarks;
			sourceTree = "<group>";
		};
		AD5F1F552CA5840A00966944 /* Rows */ = {
			isa = PBXGroup;
			children = (
				AD5F1F562CA5841600966944 /* BookmarkRow.swift */,
			);
			path = Rows;
			sourceTree = "<group>";
		};
		AD9592092C99C8E60019BB13 /* Network */ = {
			isa = PBXGroup;
			children = (
				ADF08E322CA02DF000CB877A /* WikipediaURLBuilder.swift */,
				AD95922B2C9C39F00019BB13 /* WikipediaParser.swift */,
				AD9592292C9C1D550019BB13 /* NetworkService.swift */,
				AD95920A2C99C8F60019BB13 /* NetworkServiceError.swift */,
				AD2609572C99763400687D36 /* URLSessionProtocol.swift */,
			);
			path = Network;
			sourceTree = "<group>";
		};
		AD9592332C9DC9400019BB13 /* Views */ = {
			isa = PBXGroup;
			children = (
				AD5E69B22CA6E82100F0EEFA /* Snackbar */,
				ADFE36912CA5A9F60050337D /* Badge.swift */,
				AD53AA832CA4358E0024FD31 /* ActivityViewController.swift */,
				AD53AA7F2CA4068B0024FD31 /* RowActions.swift */,
				AD9592342C9DC9530019BB13 /* CategoryPicker.swift */,
				AD9592362C9DC9C90019BB13 /* ErrorView.swift */,
				AD9592382C9DCBAE0019BB13 /* LoadingView.swift */,
				AD5F1F532CA570DF00966944 /* PlaceholderView.swift */,
			);
			path = Views;
			sourceTree = "<group>";
		};
		AD95923C2C9DD52D0019BB13 /* Utils */ = {
			isa = PBXGroup;
			children = (
				ADE5C4FC2CA810CF00FF2BF5 /* Utils.swift */,
				AD53AA812CA435140024FD31 /* ShareableItems.swift */,
				AD95923D2C9DD53C0019BB13 /* ViewState.swift */,
			);
			path = Utils;
			sourceTree = "<group>";
		};
		ADD1CF8F2C99930900739278 /* Screens */ = {
			isa = PBXGroup;
			children = (
				ADD1CF902C99931300739278 /* Screens */,
			);
			path = Screens;
			sourceTree = "<group>";
		};
		ADD1CF902C99931300739278 /* Screens */ = {
			isa = PBXGroup;
			children = (
			);
			path = Screens;
			sourceTree = "<group>";
		};
		ADD1CF932C99935A00739278 /* Screens */ = {
			isa = PBXGroup;
			children = (
				ADD1CF942C99936200739278 /* Events */,
				AD5E69AB2CA6C95600F0EEFA /* Bookmarks */,
				AD4AC4572CAD72F400C6BFBE /* Settings */,
			);
			path = Screens;
			sourceTree = "<group>";
		};
		ADD1CF942C99936200739278 /* Events */ = {
			isa = PBXGroup;
			children = (
				ADD1CF952C99936D00739278 /* EventsViewModelTests.swift */,
			);
			path = Events;
			sourceTree = "<group>";
		};
		ADE5C4F92CA8085700FF2BF5 /* Resources */ = {
			isa = PBXGroup;
			children = (
				ADE5C4FA2CA808A300FF2BF5 /* Localizable.xcstrings */,
				AD4AC4432CABFC6400C6BFBE /* GoogleService-Info.plist */,
			);
			path = Resources;
			sourceTree = "<group>";
		};
		ADE5C4FE2CA81D6B00FF2BF5 /* Localization */ = {
			isa = PBXGroup;
			children = (
				ADE5C5032CA846E400FF2BF5 /* BundleEx.swift */,
				ADE5C4FF2CA81D8900FF2BF5 /* LocalizationManager.swift */,
			);
			path = Localization;
			sourceTree = "<group>";
		};
/* End PBXGroup section */

/* Begin PBXNativeTarget section */
		AD2609472C9971BD00687D36 /* this-day-tests */ = {
			isa = PBXNativeTarget;
			buildConfigurationList = AD2609502C9971BD00687D36 /* Build configuration list for PBXNativeTarget "this-day-tests" */;
			buildPhases = (
				AD2609442C9971BD00687D36 /* Sources */,
				AD2609452C9971BD00687D36 /* Frameworks */,
				AD2609462C9971BD00687D36 /* Resources */,
			);
			buildRules = (
			);
			dependencies = (
				ADEDFD252CAB053D003AACA5 /* PBXTargetDependency */,
			);
			name = "this-day-tests";
			productName = "this-day-tests";
			productReference = AD2609482C9971BD00687D36 /* this-day-tests.xctest */;
			productType = "com.apple.product-type.bundle.unit-test";
		};
		AD4D88E92C9841CF003DD3C4 /* this-day */ = {
			isa = PBXNativeTarget;
			buildConfigurationList = AD4D88F92C9841D0003DD3C4 /* Build configuration list for PBXNativeTarget "this-day" */;
			buildPhases = (
				AD4D88FC2C9842FF003DD3C4 /* Run SwiftLint */,
				AD4D88E62C9841CF003DD3C4 /* Sources */,
				AD4D88E72C9841CF003DD3C4 /* Frameworks */,
				AD4D88E82C9841CF003DD3C4 /* Resources */,
			);
			buildRules = (
			);
			dependencies = (
			);
			name = "this-day";
			productName = "this-day";
			productReference = AD4D88EA2C9841CF003DD3C4 /* this-day.app */;
			productType = "com.apple.product-type.application";
		};
/* End PBXNativeTarget section */

/* Begin PBXProject section */
		AD4D88E22C9841CF003DD3C4 /* Project object */ = {
			isa = PBXProject;
			attributes = {
				BuildIndependentTargetsInParallel = 1;
				LastSwiftUpdateCheck = 1540;
				LastUpgradeCheck = 1540;
				TargetAttributes = {
					AD2609472C9971BD00687D36 = {
						CreatedOnToolsVersion = 15.4;
						TestTargetID = AD4D88E92C9841CF003DD3C4;
					};
					AD4D88E92C9841CF003DD3C4 = {
						CreatedOnToolsVersion = 15.4;
					};
				};
			};
			buildConfigurationList = AD4D88E52C9841CF003DD3C4 /* Build configuration list for PBXProject "this-day" */;
			compatibilityVersion = "Xcode 14.0";
			developmentRegion = en;
			hasScannedForEncodings = 0;
			knownRegions = (
				en,
				Base,
				ru,
			);
			mainGroup = AD4D88E12C9841CF003DD3C4;
			packageReferences = (
				AD4AC4322CABF5E800C6BFBE /* XCRemoteSwiftPackageReference "firebase-ios-sdk" */,
			);
			productRefGroup = AD4D88EB2C9841CF003DD3C4 /* Products */;
			projectDirPath = "";
			projectRoot = "";
			targets = (
				AD4D88E92C9841CF003DD3C4 /* this-day */,
				AD2609472C9971BD00687D36 /* this-day-tests */,
			);
		};
/* End PBXProject section */

/* Begin PBXResourcesBuildPhase section */
		AD2609462C9971BD00687D36 /* Resources */ = {
			isa = PBXResourcesBuildPhase;
			buildActionMask = 2147483647;
			files = (
			);
			runOnlyForDeploymentPostprocessing = 0;
		};
		AD4D88E82C9841CF003DD3C4 /* Resources */ = {
			isa = PBXResourcesBuildPhase;
			buildActionMask = 2147483647;
			files = (
				AD4D88F62C9841D0003DD3C4 /* Preview Assets.xcassets in Resources */,
				AD4AC4442CABFC6400C6BFBE /* GoogleService-Info.plist in Resources */,
				AD4D88F22C9841D0003DD3C4 /* Assets.xcassets in Resources */,
				ADE5C4FB2CA808A300FF2BF5 /* Localizable.xcstrings in Resources */,
			);
			runOnlyForDeploymentPostprocessing = 0;
		};
/* End PBXResourcesBuildPhase section */

/* Begin PBXShellScriptBuildPhase section */
		AD4D88FC2C9842FF003DD3C4 /* Run SwiftLint */ = {
			isa = PBXShellScriptBuildPhase;
			buildActionMask = 2147483647;
			files = (
			);
			inputFileListPaths = (
			);
			inputPaths = (
			);
			name = "Run SwiftLint";
			outputFileListPaths = (
			);
			outputPaths = (
				"${DERIVED_FILE_DIR}/swiftlint_output.txt",
			);
			runOnlyForDeploymentPostprocessing = 0;
			shellPath = /bin/sh;
			shellScript = "export PATH=\"$PATH:/opt/homebrew/bin\" # for M1/M2\nexport PATH=\"$PATH:/usr/local/bin\" # for Intel Mac\n\necho \"SRCROOT is: ${SRCROOT}\"\n\nif which swiftlint >/dev/null; then\n    CONFIG_FILE=\"${SRCROOT}/../.swiftlint.yml\"\n    SOURCE_DIR=\"${SRCROOT}\"\n\n    echo \"Config file: $CONFIG_FILE\"\n    echo \"Source dir: $SOURCE_DIR\"\n\n    swiftlint lint --config \"$CONFIG_FILE\" \"$SOURCE_DIR\"\nelse\n    echo \"warning: SwiftLint not installed, download from https://github.com/realm/SwiftLint\"\nfi\n";
		};
/* End PBXShellScriptBuildPhase section */

/* Begin PBXSourcesBuildPhase section */
		AD2609442C9971BD00687D36 /* Sources */ = {
			isa = PBXSourcesBuildPhase;
			buildActionMask = 2147483647;
			files = (
				AD5E69AD2CA6C9D800F0EEFA /* BookmarksViewModelTests.swift in Sources */,
				AD2609542C99746C00687D36 /* URLSessionMock.swift in Sources */,
				AD53AA432CA1F1430024FD31 /* WikipediaParserTests.swift in Sources */,
				AD9592062C9994DA0019BB13 /* NetworkServiceMock.swift in Sources */,
				AD33EDBD2C997DE200E38CA9 /* NetworkServiceTests.swift in Sources */,
				AD1726F92CAB0629004040F6 /* LocalizationManagerMok.swift in Sources */,
				ADD1CF962C99936F00739278 /* EventsViewModelTests.swift in Sources */,
				AD53AA862CA459890024FD31 /* StorageServiceMock.swift in Sources */,
				AD53AA882CA470020024FD31 /* StorageServiceTests.swift in Sources */,
				AD4AC4562CAD6D1000C6BFBE /* AuthenticationServiceMock.swift in Sources */,
			);
			runOnlyForDeploymentPostprocessing = 0;
		};
		AD4D88E62C9841CF003DD3C4 /* Sources */ = {
			isa = PBXSourcesBuildPhase;
			buildActionMask = 2147483647;
			files = (
				ADEDFD1F2CAA9FB0003AACA5 /* String+Extension.swift in Sources */,
				AD95922C2C9C3A000019BB13 /* WikipediaParser.swift in Sources */,
				AD9592322C9DC8C30019BB13 /* View+Extension.swift in Sources */,
				AD8BDFF82CA58C63006B9D58 /* BookmarkEvent.swift in Sources */,
				AD95923E2C9DD53E0019BB13 /* ViewState.swift in Sources */,
				ADFE36992CA5ABDA0050337D /* BookmarkEntity+CoreDataClass.swift in Sources */,
				ADFE369A2CA5ABDA0050337D /* BookmarkEntity+CoreDataProperties.swift in Sources */,
				ADE5C5022CA81F0100FF2BF5 /* Bundle+Extrnsion.swift in Sources */,
				ADFE369D2CA5ABDA0050337D /* EventEntity+CoreDataClass.swift in Sources */,
				ADFE369E2CA5ABDA0050337D /* EventEntity+CoreDataProperties.swift in Sources */,
				ADE5C5002CA81D8900FF2BF5 /* LocalizationManager.swift in Sources */,
				AD4D88F02C9841CF003DD3C4 /* DayView.swift in Sources */,
				AD5E69B12CA6E7E800F0EEFA /* SnackbarModifier.swift in Sources */,
				AD4D89032C985B23003DD3C4 /* DayViewModel.swift in Sources */,
				AD5F1F4B2CA484C000966944 /* MainTabView.swift in Sources */,
				AD53AA6C2CA2C2C80024FD31 /* DayEntity+Helpers.swift in Sources */,
				AD36067E2CA724A6008D31A9 /* SettingsView.swift in Sources */,
				AD4AC4522CAD663300C6BFBE /* UserInfoModel.swift in Sources */,
				AD4AC44E2CAC750A00C6BFBE /* AuthenticationError.swift in Sources */,
				AD4AC4542CAD66C200C6BFBE /* UserInfo.swift in Sources */,
				AD4D89072C98664F003DD3C4 /* DayViewBuilder.swift in Sources */,
				AD95923B2C9DCDD60019BB13 /* ExtendedEventRow.swift in Sources */,
				AD9592372C9DC9C90019BB13 /* ErrorView.swift in Sources */,
				AD53AA642CA2B97C0024FD31 /* EventType.swift in Sources */,
				AD4D891F2C988810003DD3C4 /* AppLogger.swift in Sources */,
				AD53AA472CA2A6360024FD31 /* Model.xcdatamodeld in Sources */,
				AD4AC4502CAC753C00C6BFBE /* AuthenticationService.swift in Sources */,
				ADF08E312CA02B6400CB877A /* ResponseNetworkModel.swift in Sources */,
				ADFE36922CA5A9F90050337D /* Badge.swift in Sources */,
				AD53AA6E2CA2C2EA0024FD31 /* EventEntity+Helpers.swift in Sources */,
				ADF08E332CA02DF100CB877A /* WikipediaURLBuilder.swift in Sources */,
				AD53AA822CA435150024FD31 /* ShareableItems.swift in Sources */,
				AD5F1F572CA5841D00966944 /* BookmarkRow.swift in Sources */,
				AD3606802CA724BF008D31A9 /* SettingsViewBuilder.swift in Sources */,
				AD4AC4492CAC32DB00C6BFBE /* AuthViewModel.swift in Sources */,
				AD4D89112C98703C003DD3C4 /* EventNetworkModel.swift in Sources */,
				AD5F1F4E2CA4870D00966944 /* BookmarksView.swift in Sources */,
				AD4D88EE2C9841CF003DD3C4 /* ThisDayApp.swift in Sources */,
				AD5E69AF2CA6E7C700F0EEFA /* Snackbar.swift in Sources */,
				AD4AC44B2CAC330D00C6BFBE /* AuthViewBuilder.swift in Sources */,
				AD95922E2C9D96E30019BB13 /* DayNetworkModel.swift in Sources */,
				AD4AC45B2CAEDE6D00C6BFBE /* DataRepository.swift in Sources */,
				AD53AA5A2CA2B64F0024FD31 /* PersistenceController.swift in Sources */,
				AD5F1F502CA4873600966944 /* BookmarksViewBuilder.swift in Sources */,
				AD53AA802CA4068C0024FD31 /* RowActions.swift in Sources */,
				AD5F1F542CA570E500966944 /* PlaceholderView.swift in Sources */,
				AD95922A2C9C1D580019BB13 /* NetworkService.swift in Sources */,
				AD2609582C99763400687D36 /* URLSessionProtocol.swift in Sources */,
				ADE5C4FD2CA810D800FF2BF5 /* Utils.swift in Sources */,
				AD5F1F522CA4883600966944 /* BookmarksViewModel.swift in Sources */,
				AD53AA842CA4358F0024FD31 /* ActivityViewController.swift in Sources */,
				ADEDFD222CAAE76C003AACA5 /* DayEntity+CoreDataClass.swift in Sources */,
				ADEDFD232CAAE76C003AACA5 /* DayEntity+CoreDataProperties.swift in Sources */,
				AD4AC4462CAC04EE00C6BFBE /* AuthView.swift in Sources */,
				AD53AA6A2CA2BD640024FD31 /* StorageError.swift in Sources */,
				ADE5C5042CA846E500FF2BF5 /* BundleEx.swift in Sources */,
				AD9592352C9DC9530019BB13 /* CategoryPicker.swift in Sources */,
				AD4D891D2C987F60003DD3C4 /* Date+Extension.swift in Sources */,
				AD3606822CA72706008D31A9 /* SettingsViewModel.swift in Sources */,
				AD9592392C9DCBAE0019BB13 /* LoadingView.swift in Sources */,
				AD95920B2C99C8F80019BB13 /* NetworkServiceError.swift in Sources */,
				AD4AC4592CAEBD2500C6BFBE /* CloudStorage.swift in Sources */,
				AD53AA672CA2BAF20024FD31 /* LocalStorage.swift in Sources */,
				AD53AA402CA185AD0024FD31 /* Event.swift in Sources */,
			);
			runOnlyForDeploymentPostprocessing = 0;
		};
/* End PBXSourcesBuildPhase section */

/* Begin PBXTargetDependency section */
		ADEDFD252CAB053D003AACA5 /* PBXTargetDependency */ = {
			isa = PBXTargetDependency;
			target = AD4D88E92C9841CF003DD3C4 /* this-day */;
			targetProxy = ADEDFD242CAB053D003AACA5 /* PBXContainerItemProxy */;
		};
/* End PBXTargetDependency section */

/* Begin XCBuildConfiguration section */
		AD26094E2C9971BD00687D36 /* Debug */ = {
			isa = XCBuildConfiguration;
			buildSettings = {
				BUNDLE_LOADER = "$(TEST_HOST)";
				CODE_SIGN_STYLE = Automatic;
				CURRENT_PROJECT_VERSION = 1;
				DEVELOPMENT_TEAM = UER9S2EB72;
				ENABLE_USER_SCRIPT_SANDBOXING = YES;
				GENERATE_INFOPLIST_FILE = YES;
				IPHONEOS_DEPLOYMENT_TARGET = 17.5;
				MACOSX_DEPLOYMENT_TARGET = 14.0;
				MARKETING_VERSION = 1.0;
				PRODUCT_BUNDLE_IDENTIFIER = "com.home.this-day-tests";
				PRODUCT_NAME = "$(TARGET_NAME)";
				SDKROOT = auto;
				SUPPORTED_PLATFORMS = "iphoneos iphonesimulator macosx";
				SWIFT_EMIT_LOC_STRINGS = NO;
				SWIFT_VERSION = 5.0;
				TARGETED_DEVICE_FAMILY = "1,2";
				TEST_HOST = "$(BUILT_PRODUCTS_DIR)/this-day.app/$(BUNDLE_EXECUTABLE_FOLDER_PATH)/this-day";
			};
			name = Debug;
		};
		AD26094F2C9971BD00687D36 /* Release */ = {
			isa = XCBuildConfiguration;
			buildSettings = {
				BUNDLE_LOADER = "$(TEST_HOST)";
				CODE_SIGN_STYLE = Automatic;
				CURRENT_PROJECT_VERSION = 1;
				DEVELOPMENT_TEAM = UER9S2EB72;
				ENABLE_USER_SCRIPT_SANDBOXING = YES;
				GENERATE_INFOPLIST_FILE = YES;
				IPHONEOS_DEPLOYMENT_TARGET = 17.5;
				MACOSX_DEPLOYMENT_TARGET = 14.0;
				MARKETING_VERSION = 1.0;
				PRODUCT_BUNDLE_IDENTIFIER = "com.home.this-day-tests";
				PRODUCT_NAME = "$(TARGET_NAME)";
				SDKROOT = auto;
				SUPPORTED_PLATFORMS = "iphoneos iphonesimulator macosx";
				SWIFT_EMIT_LOC_STRINGS = NO;
				SWIFT_VERSION = 5.0;
				TARGETED_DEVICE_FAMILY = "1,2";
				TEST_HOST = "$(BUILT_PRODUCTS_DIR)/this-day.app/$(BUNDLE_EXECUTABLE_FOLDER_PATH)/this-day";
			};
			name = Release;
		};
		AD4D88F72C9841D0003DD3C4 /* Debug */ = {
			isa = XCBuildConfiguration;
			buildSettings = {
				ALWAYS_SEARCH_USER_PATHS = NO;
				ASSETCATALOG_COMPILER_GENERATE_SWIFT_ASSET_SYMBOL_EXTENSIONS = YES;
				CLANG_ANALYZER_NONNULL = YES;
				CLANG_ANALYZER_NUMBER_OBJECT_CONVERSION = YES_AGGRESSIVE;
				CLANG_CXX_LANGUAGE_STANDARD = "gnu++20";
				CLANG_ENABLE_MODULES = YES;
				CLANG_ENABLE_OBJC_ARC = YES;
				CLANG_ENABLE_OBJC_WEAK = YES;
				CLANG_WARN_BLOCK_CAPTURE_AUTORELEASING = YES;
				CLANG_WARN_BOOL_CONVERSION = YES;
				CLANG_WARN_COMMA = YES;
				CLANG_WARN_CONSTANT_CONVERSION = YES;
				CLANG_WARN_DEPRECATED_OBJC_IMPLEMENTATIONS = YES;
				CLANG_WARN_DIRECT_OBJC_ISA_USAGE = YES_ERROR;
				CLANG_WARN_DOCUMENTATION_COMMENTS = YES;
				CLANG_WARN_EMPTY_BODY = YES;
				CLANG_WARN_ENUM_CONVERSION = YES;
				CLANG_WARN_INFINITE_RECURSION = YES;
				CLANG_WARN_INT_CONVERSION = YES;
				CLANG_WARN_NON_LITERAL_NULL_CONVERSION = YES;
				CLANG_WARN_OBJC_IMPLICIT_RETAIN_SELF = YES;
				CLANG_WARN_OBJC_LITERAL_CONVERSION = YES;
				CLANG_WARN_OBJC_ROOT_CLASS = YES_ERROR;
				CLANG_WARN_QUOTED_INCLUDE_IN_FRAMEWORK_HEADER = YES;
				CLANG_WARN_RANGE_LOOP_ANALYSIS = YES;
				CLANG_WARN_STRICT_PROTOTYPES = YES;
				CLANG_WARN_SUSPICIOUS_MOVE = YES;
				CLANG_WARN_UNGUARDED_AVAILABILITY = YES_AGGRESSIVE;
				CLANG_WARN_UNREACHABLE_CODE = YES;
				CLANG_WARN__DUPLICATE_METHOD_MATCH = YES;
				COPY_PHASE_STRIP = NO;
				DEBUG_INFORMATION_FORMAT = dwarf;
				ENABLE_STRICT_OBJC_MSGSEND = YES;
				ENABLE_TESTABILITY = YES;
				ENABLE_USER_SCRIPT_SANDBOXING = NO;
				GCC_C_LANGUAGE_STANDARD = gnu17;
				GCC_DYNAMIC_NO_PIC = NO;
				GCC_NO_COMMON_BLOCKS = YES;
				GCC_OPTIMIZATION_LEVEL = 0;
				GCC_PREPROCESSOR_DEFINITIONS = (
					"DEBUG=1",
					"$(inherited)",
				);
				GCC_WARN_64_TO_32_BIT_CONVERSION = YES;
				GCC_WARN_ABOUT_RETURN_TYPE = YES_ERROR;
				GCC_WARN_UNDECLARED_SELECTOR = YES;
				GCC_WARN_UNINITIALIZED_AUTOS = YES_AGGRESSIVE;
				GCC_WARN_UNUSED_FUNCTION = YES;
				GCC_WARN_UNUSED_VARIABLE = YES;
				LOCALIZATION_PREFERS_STRING_CATALOGS = YES;
				MTL_ENABLE_DEBUG_INFO = INCLUDE_SOURCE;
				MTL_FAST_MATH = YES;
				ONLY_ACTIVE_ARCH = YES;
				SWIFT_ACTIVE_COMPILATION_CONDITIONS = "DEBUG $(inherited)";
				SWIFT_EMIT_LOC_STRINGS = YES;
				SWIFT_OPTIMIZATION_LEVEL = "-Onone";
			};
			name = Debug;
		};
		AD4D88F82C9841D0003DD3C4 /* Release */ = {
			isa = XCBuildConfiguration;
			buildSettings = {
				ALWAYS_SEARCH_USER_PATHS = NO;
				ASSETCATALOG_COMPILER_GENERATE_SWIFT_ASSET_SYMBOL_EXTENSIONS = YES;
				CLANG_ANALYZER_NONNULL = YES;
				CLANG_ANALYZER_NUMBER_OBJECT_CONVERSION = YES_AGGRESSIVE;
				CLANG_CXX_LANGUAGE_STANDARD = "gnu++20";
				CLANG_ENABLE_MODULES = YES;
				CLANG_ENABLE_OBJC_ARC = YES;
				CLANG_ENABLE_OBJC_WEAK = YES;
				CLANG_WARN_BLOCK_CAPTURE_AUTORELEASING = YES;
				CLANG_WARN_BOOL_CONVERSION = YES;
				CLANG_WARN_COMMA = YES;
				CLANG_WARN_CONSTANT_CONVERSION = YES;
				CLANG_WARN_DEPRECATED_OBJC_IMPLEMENTATIONS = YES;
				CLANG_WARN_DIRECT_OBJC_ISA_USAGE = YES_ERROR;
				CLANG_WARN_DOCUMENTATION_COMMENTS = YES;
				CLANG_WARN_EMPTY_BODY = YES;
				CLANG_WARN_ENUM_CONVERSION = YES;
				CLANG_WARN_INFINITE_RECURSION = YES;
				CLANG_WARN_INT_CONVERSION = YES;
				CLANG_WARN_NON_LITERAL_NULL_CONVERSION = YES;
				CLANG_WARN_OBJC_IMPLICIT_RETAIN_SELF = YES;
				CLANG_WARN_OBJC_LITERAL_CONVERSION = YES;
				CLANG_WARN_OBJC_ROOT_CLASS = YES_ERROR;
				CLANG_WARN_QUOTED_INCLUDE_IN_FRAMEWORK_HEADER = YES;
				CLANG_WARN_RANGE_LOOP_ANALYSIS = YES;
				CLANG_WARN_STRICT_PROTOTYPES = YES;
				CLANG_WARN_SUSPICIOUS_MOVE = YES;
				CLANG_WARN_UNGUARDED_AVAILABILITY = YES_AGGRESSIVE;
				CLANG_WARN_UNREACHABLE_CODE = YES;
				CLANG_WARN__DUPLICATE_METHOD_MATCH = YES;
				COPY_PHASE_STRIP = NO;
				DEBUG_INFORMATION_FORMAT = "dwarf-with-dsym";
				ENABLE_NS_ASSERTIONS = NO;
				ENABLE_STRICT_OBJC_MSGSEND = YES;
				ENABLE_USER_SCRIPT_SANDBOXING = NO;
				GCC_C_LANGUAGE_STANDARD = gnu17;
				GCC_NO_COMMON_BLOCKS = YES;
				GCC_WARN_64_TO_32_BIT_CONVERSION = YES;
				GCC_WARN_ABOUT_RETURN_TYPE = YES_ERROR;
				GCC_WARN_UNDECLARED_SELECTOR = YES;
				GCC_WARN_UNINITIALIZED_AUTOS = YES_AGGRESSIVE;
				GCC_WARN_UNUSED_FUNCTION = YES;
				GCC_WARN_UNUSED_VARIABLE = YES;
				LOCALIZATION_PREFERS_STRING_CATALOGS = YES;
				MTL_ENABLE_DEBUG_INFO = NO;
				MTL_FAST_MATH = YES;
				SWIFT_COMPILATION_MODE = wholemodule;
				SWIFT_EMIT_LOC_STRINGS = YES;
			};
			name = Release;
		};
		AD4D88FA2C9841D0003DD3C4 /* Debug */ = {
			isa = XCBuildConfiguration;
			buildSettings = {
				ASSETCATALOG_COMPILER_APPICON_NAME = AppIcon;
				ASSETCATALOG_COMPILER_GLOBAL_ACCENT_COLOR_NAME = AccentColor;
				CODE_SIGN_ENTITLEMENTS = "this-day/this_day.entitlements";
				CODE_SIGN_STYLE = Automatic;
				CURRENT_PROJECT_VERSION = 1;
				DEVELOPMENT_ASSET_PATHS = "\"this-day/Preview Content\"";
				DEVELOPMENT_TEAM = UER9S2EB72;
				ENABLE_HARDENED_RUNTIME = YES;
				ENABLE_PREVIEWS = YES;
				GENERATE_INFOPLIST_FILE = YES;
				"INFOPLIST_KEY_UIApplicationSceneManifest_Generation[sdk=iphoneos*]" = YES;
				"INFOPLIST_KEY_UIApplicationSceneManifest_Generation[sdk=iphonesimulator*]" = YES;
				"INFOPLIST_KEY_UIApplicationSupportsIndirectInputEvents[sdk=iphoneos*]" = YES;
				"INFOPLIST_KEY_UIApplicationSupportsIndirectInputEvents[sdk=iphonesimulator*]" = YES;
				"INFOPLIST_KEY_UILaunchScreen_Generation[sdk=iphoneos*]" = YES;
				"INFOPLIST_KEY_UILaunchScreen_Generation[sdk=iphonesimulator*]" = YES;
				"INFOPLIST_KEY_UIStatusBarStyle[sdk=iphoneos*]" = UIStatusBarStyleDefault;
				"INFOPLIST_KEY_UIStatusBarStyle[sdk=iphonesimulator*]" = UIStatusBarStyleDefault;
				INFOPLIST_KEY_UISupportedInterfaceOrientations_iPad = "UIInterfaceOrientationPortrait UIInterfaceOrientationPortraitUpsideDown UIInterfaceOrientationLandscapeLeft UIInterfaceOrientationLandscapeRight";
				INFOPLIST_KEY_UISupportedInterfaceOrientations_iPhone = "UIInterfaceOrientationPortrait UIInterfaceOrientationLandscapeLeft UIInterfaceOrientationLandscapeRight";
				IPHONEOS_DEPLOYMENT_TARGET = 17.5;
				LD_RUNPATH_SEARCH_PATHS = "@executable_path/Frameworks";
				"LD_RUNPATH_SEARCH_PATHS[sdk=macosx*]" = "@executable_path/../Frameworks";
				MACOSX_DEPLOYMENT_TARGET = 14.0;
				MARKETING_VERSION = 1.0.0;
				PRODUCT_BUNDLE_IDENTIFIER = "com.sergeibendak.this-day";
				PRODUCT_NAME = "$(TARGET_NAME)";
				SDKROOT = auto;
				SUPPORTED_PLATFORMS = "iphoneos iphonesimulator macosx";
				SWIFT_EMIT_LOC_STRINGS = YES;
				SWIFT_VERSION = 5.0;
				TARGETED_DEVICE_FAMILY = "1,2";
			};
			name = Debug;
		};
		AD4D88FB2C9841D0003DD3C4 /* Release */ = {
			isa = XCBuildConfiguration;
			buildSettings = {
				ASSETCATALOG_COMPILER_APPICON_NAME = AppIcon;
				ASSETCATALOG_COMPILER_GLOBAL_ACCENT_COLOR_NAME = AccentColor;
				CODE_SIGN_ENTITLEMENTS = "this-day/this_day.entitlements";
				CODE_SIGN_STYLE = Automatic;
				CURRENT_PROJECT_VERSION = 1;
				DEVELOPMENT_ASSET_PATHS = "\"this-day/Preview Content\"";
				DEVELOPMENT_TEAM = UER9S2EB72;
				ENABLE_HARDENED_RUNTIME = YES;
				ENABLE_PREVIEWS = YES;
				GENERATE_INFOPLIST_FILE = YES;
				"INFOPLIST_KEY_UIApplicationSceneManifest_Generation[sdk=iphoneos*]" = YES;
				"INFOPLIST_KEY_UIApplicationSceneManifest_Generation[sdk=iphonesimulator*]" = YES;
				"INFOPLIST_KEY_UIApplicationSupportsIndirectInputEvents[sdk=iphoneos*]" = YES;
				"INFOPLIST_KEY_UIApplicationSupportsIndirectInputEvents[sdk=iphonesimulator*]" = YES;
				"INFOPLIST_KEY_UILaunchScreen_Generation[sdk=iphoneos*]" = YES;
				"INFOPLIST_KEY_UILaunchScreen_Generation[sdk=iphonesimulator*]" = YES;
				"INFOPLIST_KEY_UIStatusBarStyle[sdk=iphoneos*]" = UIStatusBarStyleDefault;
				"INFOPLIST_KEY_UIStatusBarStyle[sdk=iphonesimulator*]" = UIStatusBarStyleDefault;
				INFOPLIST_KEY_UISupportedInterfaceOrientations_iPad = "UIInterfaceOrientationPortrait UIInterfaceOrientationPortraitUpsideDown UIInterfaceOrientationLandscapeLeft UIInterfaceOrientationLandscapeRight";
				INFOPLIST_KEY_UISupportedInterfaceOrientations_iPhone = "UIInterfaceOrientationPortrait UIInterfaceOrientationLandscapeLeft UIInterfaceOrientationLandscapeRight";
				IPHONEOS_DEPLOYMENT_TARGET = 17.5;
				LD_RUNPATH_SEARCH_PATHS = "@executable_path/Frameworks";
				"LD_RUNPATH_SEARCH_PATHS[sdk=macosx*]" = "@executable_path/../Frameworks";
				MACOSX_DEPLOYMENT_TARGET = 14.0;
				MARKETING_VERSION = 1.0.0;
				PRODUCT_BUNDLE_IDENTIFIER = "com.sergeibendak.this-day";
				PRODUCT_NAME = "$(TARGET_NAME)";
				SDKROOT = auto;
				SUPPORTED_PLATFORMS = "iphoneos iphonesimulator macosx";
				SWIFT_EMIT_LOC_STRINGS = YES;
				SWIFT_VERSION = 5.0;
				TARGETED_DEVICE_FAMILY = "1,2";
			};
			name = Release;
		};
/* End XCBuildConfiguration section */

/* Begin XCConfigurationList section */
		AD2609502C9971BD00687D36 /* Build configuration list for PBXNativeTarget "this-day-tests" */ = {
			isa = XCConfigurationList;
			buildConfigurations = (
				AD26094E2C9971BD00687D36 /* Debug */,
				AD26094F2C9971BD00687D36 /* Release */,
			);
			defaultConfigurationIsVisible = 0;
			defaultConfigurationName = Release;
		};
		AD4D88E52C9841CF003DD3C4 /* Build configuration list for PBXProject "this-day" */ = {
			isa = XCConfigurationList;
			buildConfigurations = (
				AD4D88F72C9841D0003DD3C4 /* Debug */,
				AD4D88F82C9841D0003DD3C4 /* Release */,
			);
			defaultConfigurationIsVisible = 0;
			defaultConfigurationName = Release;
		};
		AD4D88F92C9841D0003DD3C4 /* Build configuration list for PBXNativeTarget "this-day" */ = {
			isa = XCConfigurationList;
			buildConfigurations = (
				AD4D88FA2C9841D0003DD3C4 /* Debug */,
				AD4D88FB2C9841D0003DD3C4 /* Release */,
			);
			defaultConfigurationIsVisible = 0;
			defaultConfigurationName = Release;
		};
/* End XCConfigurationList section */

/* Begin XCRemoteSwiftPackageReference section */
		AD4AC4322CABF5E800C6BFBE /* XCRemoteSwiftPackageReference "firebase-ios-sdk" */ = {
			isa = XCRemoteSwiftPackageReference;
			repositoryURL = "https://github.com/firebase/firebase-ios-sdk";
			requirement = {
				kind = upToNextMajorVersion;
				minimumVersion = 11.3.0;
			};
		};
/* End XCRemoteSwiftPackageReference section */

/* Begin XCSwiftPackageProductDependency section */
		AD4AC4332CABF5E800C6BFBE /* FirebaseAnalytics */ = {
			isa = XCSwiftPackageProductDependency;
			package = AD4AC4322CABF5E800C6BFBE /* XCRemoteSwiftPackageReference "firebase-ios-sdk" */;
			productName = FirebaseAnalytics;
		};
		AD4AC4352CABF5E800C6BFBE /* FirebaseAuth */ = {
			isa = XCSwiftPackageProductDependency;
			package = AD4AC4322CABF5E800C6BFBE /* XCRemoteSwiftPackageReference "firebase-ios-sdk" */;
			productName = FirebaseAuth;
		};
		AD4AC4372CABF5E800C6BFBE /* FirebaseAuthCombine-Community */ = {
			isa = XCSwiftPackageProductDependency;
			package = AD4AC4322CABF5E800C6BFBE /* XCRemoteSwiftPackageReference "firebase-ios-sdk" */;
			productName = "FirebaseAuthCombine-Community";
		};
		AD4AC4392CABF5E800C6BFBE /* FirebaseCore */ = {
			isa = XCSwiftPackageProductDependency;
			package = AD4AC4322CABF5E800C6BFBE /* XCRemoteSwiftPackageReference "firebase-ios-sdk" */;
			productName = FirebaseCore;
		};
		AD4AC43B2CABF5E800C6BFBE /* FirebaseCrashlytics */ = {
			isa = XCSwiftPackageProductDependency;
			package = AD4AC4322CABF5E800C6BFBE /* XCRemoteSwiftPackageReference "firebase-ios-sdk" */;
			productName = FirebaseCrashlytics;
		};
		AD4AC43D2CABF5E800C6BFBE /* FirebaseFirestore */ = {
			isa = XCSwiftPackageProductDependency;
			package = AD4AC4322CABF5E800C6BFBE /* XCRemoteSwiftPackageReference "firebase-ios-sdk" */;
			productName = FirebaseFirestore;
		};
		AD4AC43F2CABF5E800C6BFBE /* FirebaseFirestoreCombine-Community */ = {
			isa = XCSwiftPackageProductDependency;
			package = AD4AC4322CABF5E800C6BFBE /* XCRemoteSwiftPackageReference "firebase-ios-sdk" */;
			productName = "FirebaseFirestoreCombine-Community";
		};
/* End XCSwiftPackageProductDependency section */

/* Begin XCVersionGroup section */
		AD53AA452CA2A6360024FD31 /* Model.xcdatamodeld */ = {
			isa = XCVersionGroup;
			children = (
				AD53AA462CA2A6360024FD31 /* Model.xcdatamodel */,
			);
			currentVersion = AD53AA462CA2A6360024FD31 /* Model.xcdatamodel */;
			path = Model.xcdatamodeld;
			sourceTree = "<group>";
			versionGroupType = wrapper.xcdatamodel;
		};
/* End XCVersionGroup section */
	};
	rootObject = AD4D88E22C9841CF003DD3C4 /* Project object */;
}
