// !$*UTF8*$!
{
	archiveVersion = 1;
	classes = {
	};
	objectVersion = 56;
	objects = {

/* Begin PBXBuildFile section */
		AD26094B2C9971BD00687D36 /* this_day_tests.swift in Sources */ = {isa = PBXBuildFile; fileRef = AD26094A2C9971BD00687D36 /* this_day_tests.swift */; };
		AD4D88EE2C9841CF003DD3C4 /* ThisDayApp.swift in Sources */ = {isa = PBXBuildFile; fileRef = AD4D88ED2C9841CF003DD3C4 /* ThisDayApp.swift */; };
		AD4D88F02C9841CF003DD3C4 /* EventsView.swift in Sources */ = {isa = PBXBuildFile; fileRef = AD4D88EF2C9841CF003DD3C4 /* EventsView.swift */; };
		AD4D88F22C9841D0003DD3C4 /* Assets.xcassets in Resources */ = {isa = PBXBuildFile; fileRef = AD4D88F12C9841D0003DD3C4 /* Assets.xcassets */; };
		AD4D88F62C9841D0003DD3C4 /* Preview Assets.xcassets in Resources */ = {isa = PBXBuildFile; fileRef = AD4D88F52C9841D0003DD3C4 /* Preview Assets.xcassets */; };
		AD4D88FE2C985356003DD3C4 /* EventDetailView.swift in Sources */ = {isa = PBXBuildFile; fileRef = AD4D88FD2C985356003DD3C4 /* EventDetailView.swift */; };
		AD4D89032C985B23003DD3C4 /* EventsViewModel.swift in Sources */ = {isa = PBXBuildFile; fileRef = AD4D89022C985B23003DD3C4 /* EventsViewModel.swift */; };
		AD4D89052C98636C003DD3C4 /* EventsRouter.swift in Sources */ = {isa = PBXBuildFile; fileRef = AD4D89042C98636C003DD3C4 /* EventsRouter.swift */; };
		AD4D89072C98664F003DD3C4 /* EventsViewBuilder.swift in Sources */ = {isa = PBXBuildFile; fileRef = AD4D89062C98664F003DD3C4 /* EventsViewBuilder.swift */; };
		AD4D890B2C986FFB003DD3C4 /* NetworkService.swift in Sources */ = {isa = PBXBuildFile; fileRef = AD4D890A2C986FFB003DD3C4 /* NetworkService.swift */; };
		AD4D890F2C987028003DD3C4 /* EventsNetworkModel.swift in Sources */ = {isa = PBXBuildFile; fileRef = AD4D890E2C987028003DD3C4 /* EventsNetworkModel.swift */; };
		AD4D89112C98703C003DD3C4 /* EventNetworkModel.swift in Sources */ = {isa = PBXBuildFile; fileRef = AD4D89102C98703C003DD3C4 /* EventNetworkModel.swift */; };
		AD4D89132C987050003DD3C4 /* EventLinkNetworkModel.swift in Sources */ = {isa = PBXBuildFile; fileRef = AD4D89122C987050003DD3C4 /* EventLinkNetworkModel.swift */; };
		AD4D89162C987EEF003DD3C4 /* HistoryEvents.swift in Sources */ = {isa = PBXBuildFile; fileRef = AD4D89152C987EEF003DD3C4 /* HistoryEvents.swift */; };
		AD4D89182C987F05003DD3C4 /* Event.swift in Sources */ = {isa = PBXBuildFile; fileRef = AD4D89172C987F05003DD3C4 /* Event.swift */; };
		AD4D891A2C987F17003DD3C4 /* EventLink.swift in Sources */ = {isa = PBXBuildFile; fileRef = AD4D89192C987F17003DD3C4 /* EventLink.swift */; };
		AD4D891D2C987F60003DD3C4 /* Date+Extension.swift in Sources */ = {isa = PBXBuildFile; fileRef = AD4D891C2C987F60003DD3C4 /* Date+Extension.swift */; };
		AD4D891F2C988810003DD3C4 /* AppLogger.swift in Sources */ = {isa = PBXBuildFile; fileRef = AD4D891E2C988810003DD3C4 /* AppLogger.swift */; };
/* End PBXBuildFile section */

/* Begin PBXContainerItemProxy section */
		AD26094C2C9971BD00687D36 /* PBXContainerItemProxy */ = {
			isa = PBXContainerItemProxy;
			containerPortal = AD4D88E22C9841CF003DD3C4 /* Project object */;
			proxyType = 1;
			remoteGlobalIDString = AD4D88E92C9841CF003DD3C4;
			remoteInfo = "this-day";
		};
/* End PBXContainerItemProxy section */

/* Begin PBXFileReference section */
		AD2609482C9971BD00687D36 /* this-day-tests.xctest */ = {isa = PBXFileReference; explicitFileType = wrapper.cfbundle; includeInIndex = 0; path = "this-day-tests.xctest"; sourceTree = BUILT_PRODUCTS_DIR; };
		AD26094A2C9971BD00687D36 /* this_day_tests.swift */ = {isa = PBXFileReference; lastKnownFileType = sourcecode.swift; path = this_day_tests.swift; sourceTree = "<group>"; };
		AD4D88EA2C9841CF003DD3C4 /* this-day.app */ = {isa = PBXFileReference; explicitFileType = wrapper.application; includeInIndex = 0; path = "this-day.app"; sourceTree = BUILT_PRODUCTS_DIR; };
		AD4D88ED2C9841CF003DD3C4 /* ThisDayApp.swift */ = {isa = PBXFileReference; lastKnownFileType = sourcecode.swift; path = ThisDayApp.swift; sourceTree = "<group>"; };
		AD4D88EF2C9841CF003DD3C4 /* EventsView.swift */ = {isa = PBXFileReference; lastKnownFileType = sourcecode.swift; path = EventsView.swift; sourceTree = "<group>"; };
		AD4D88F12C9841D0003DD3C4 /* Assets.xcassets */ = {isa = PBXFileReference; lastKnownFileType = folder.assetcatalog; path = Assets.xcassets; sourceTree = "<group>"; };
		AD4D88F32C9841D0003DD3C4 /* this_day.entitlements */ = {isa = PBXFileReference; lastKnownFileType = text.plist.entitlements; path = this_day.entitlements; sourceTree = "<group>"; };
		AD4D88F52C9841D0003DD3C4 /* Preview Assets.xcassets */ = {isa = PBXFileReference; lastKnownFileType = folder.assetcatalog; path = "Preview Assets.xcassets"; sourceTree = "<group>"; };
		AD4D88FD2C985356003DD3C4 /* EventDetailView.swift */ = {isa = PBXFileReference; lastKnownFileType = sourcecode.swift; path = EventDetailView.swift; sourceTree = "<group>"; };
		AD4D89022C985B23003DD3C4 /* EventsViewModel.swift */ = {isa = PBXFileReference; lastKnownFileType = sourcecode.swift; path = EventsViewModel.swift; sourceTree = "<group>"; };
		AD4D89042C98636C003DD3C4 /* EventsRouter.swift */ = {isa = PBXFileReference; lastKnownFileType = sourcecode.swift; path = EventsRouter.swift; sourceTree = "<group>"; };
		AD4D89062C98664F003DD3C4 /* EventsViewBuilder.swift */ = {isa = PBXFileReference; lastKnownFileType = sourcecode.swift; path = EventsViewBuilder.swift; sourceTree = "<group>"; };
		AD4D890A2C986FFB003DD3C4 /* NetworkService.swift */ = {isa = PBXFileReference; lastKnownFileType = sourcecode.swift; path = NetworkService.swift; sourceTree = "<group>"; };
		AD4D890E2C987028003DD3C4 /* EventsNetworkModel.swift */ = {isa = PBXFileReference; lastKnownFileType = sourcecode.swift; path = EventsNetworkModel.swift; sourceTree = "<group>"; };
		AD4D89102C98703C003DD3C4 /* EventNetworkModel.swift */ = {isa = PBXFileReference; lastKnownFileType = sourcecode.swift; path = EventNetworkModel.swift; sourceTree = "<group>"; };
		AD4D89122C987050003DD3C4 /* EventLinkNetworkModel.swift */ = {isa = PBXFileReference; lastKnownFileType = sourcecode.swift; path = EventLinkNetworkModel.swift; sourceTree = "<group>"; };
		AD4D89152C987EEF003DD3C4 /* HistoryEvents.swift */ = {isa = PBXFileReference; lastKnownFileType = sourcecode.swift; path = HistoryEvents.swift; sourceTree = "<group>"; };
		AD4D89172C987F05003DD3C4 /* Event.swift */ = {isa = PBXFileReference; lastKnownFileType = sourcecode.swift; path = Event.swift; sourceTree = "<group>"; };
		AD4D89192C987F17003DD3C4 /* EventLink.swift */ = {isa = PBXFileReference; lastKnownFileType = sourcecode.swift; path = EventLink.swift; sourceTree = "<group>"; };
		AD4D891C2C987F60003DD3C4 /* Date+Extension.swift */ = {isa = PBXFileReference; lastKnownFileType = sourcecode.swift; path = "Date+Extension.swift"; sourceTree = "<group>"; };
		AD4D891E2C988810003DD3C4 /* AppLogger.swift */ = {isa = PBXFileReference; lastKnownFileType = sourcecode.swift; path = AppLogger.swift; sourceTree = "<group>"; };
/* End PBXFileReference section */

/* Begin PBXFrameworksBuildPhase section */
		AD2609452C9971BD00687D36 /* Frameworks */ = {
			isa = PBXFrameworksBuildPhase;
			buildActionMask = 2147483647;
			files = (
			);
			runOnlyForDeploymentPostprocessing = 0;
		};
		AD4D88E72C9841CF003DD3C4 /* Frameworks */ = {
			isa = PBXFrameworksBuildPhase;
			buildActionMask = 2147483647;
			files = (
			);
			runOnlyForDeploymentPostprocessing = 0;
		};
/* End PBXFrameworksBuildPhase section */

/* Begin PBXGroup section */
		AD2609492C9971BD00687D36 /* this-day-tests */ = {
			isa = PBXGroup;
			children = (
				AD26094A2C9971BD00687D36 /* this_day_tests.swift */,
			);
			path = "this-day-tests";
			sourceTree = "<group>";
		};
		AD4D88E12C9841CF003DD3C4 = {
			isa = PBXGroup;
			children = (
				AD4D88EC2C9841CF003DD3C4 /* this-day */,
				AD2609492C9971BD00687D36 /* this-day-tests */,
				AD4D88EB2C9841CF003DD3C4 /* Products */,
			);
			sourceTree = "<group>";
		};
		AD4D88EB2C9841CF003DD3C4 /* Products */ = {
			isa = PBXGroup;
			children = (
				AD4D88EA2C9841CF003DD3C4 /* this-day.app */,
				AD2609482C9971BD00687D36 /* this-day-tests.xctest */,
			);
			name = Products;
			sourceTree = "<group>";
		};
		AD4D88EC2C9841CF003DD3C4 /* this-day */ = {
			isa = PBXGroup;
			children = (
				AD4D89082C986C89003DD3C4 /* App */,
				AD4D890C2C987002003DD3C4 /* Models */,
				AD4D88FF2C985AEA003DD3C4 /* Screens */,
				AD4D89092C986C96003DD3C4 /* Services */,
				AD4D891B2C987F50003DD3C4 /* Extensions */,
				AD4D88F12C9841D0003DD3C4 /* Assets.xcassets */,
				AD4D88F32C9841D0003DD3C4 /* this_day.entitlements */,
				AD4D88F42C9841D0003DD3C4 /* Preview Content */,
			);
			path = "this-day";
			sourceTree = "<group>";
		};
		AD4D88F42C9841D0003DD3C4 /* Preview Content */ = {
			isa = PBXGroup;
			children = (
				AD4D88F52C9841D0003DD3C4 /* Preview Assets.xcassets */,
			);
			path = "Preview Content";
			sourceTree = "<group>";
		};
		AD4D88FF2C985AEA003DD3C4 /* Screens */ = {
			isa = PBXGroup;
			children = (
				AD4D89002C985AF7003DD3C4 /* Events */,
				AD4D89012C985B0D003DD3C4 /* EventDetail */,
			);
			path = Screens;
			sourceTree = "<group>";
		};
		AD4D89002C985AF7003DD3C4 /* Events */ = {
			isa = PBXGroup;
			children = (
				AD4D89062C98664F003DD3C4 /* EventsViewBuilder.swift */,
				AD4D88EF2C9841CF003DD3C4 /* EventsView.swift */,
				AD4D89022C985B23003DD3C4 /* EventsViewModel.swift */,
				AD4D89042C98636C003DD3C4 /* EventsRouter.swift */,
			);
			path = Events;
			sourceTree = "<group>";
		};
		AD4D89012C985B0D003DD3C4 /* EventDetail */ = {
			isa = PBXGroup;
			children = (
				AD4D88FD2C985356003DD3C4 /* EventDetailView.swift */,
			);
			path = EventDetail;
			sourceTree = "<group>";
		};
		AD4D89082C986C89003DD3C4 /* App */ = {
			isa = PBXGroup;
			children = (
				AD4D88ED2C9841CF003DD3C4 /* ThisDayApp.swift */,
			);
			path = App;
			sourceTree = "<group>";
		};
		AD4D89092C986C96003DD3C4 /* Services */ = {
			isa = PBXGroup;
			children = (
				AD4D890A2C986FFB003DD3C4 /* NetworkService.swift */,
				AD4D891E2C988810003DD3C4 /* AppLogger.swift */,
			);
			path = Services;
			sourceTree = "<group>";
		};
		AD4D890C2C987002003DD3C4 /* Models */ = {
			isa = PBXGroup;
			children = (
				AD4D89142C9878D9003DD3C4 /* UI */,
				AD4D890D2C98700F003DD3C4 /* Network */,
			);
			path = Models;
			sourceTree = "<group>";
		};
		AD4D890D2C98700F003DD3C4 /* Network */ = {
			isa = PBXGroup;
			children = (
				AD4D890E2C987028003DD3C4 /* EventsNetworkModel.swift */,
				AD4D89102C98703C003DD3C4 /* EventNetworkModel.swift */,
				AD4D89122C987050003DD3C4 /* EventLinkNetworkModel.swift */,
			);
			path = Network;
			sourceTree = "<group>";
		};
		AD4D89142C9878D9003DD3C4 /* UI */ = {
			isa = PBXGroup;
			children = (
				AD4D89152C987EEF003DD3C4 /* HistoryEvents.swift */,
				AD4D89172C987F05003DD3C4 /* Event.swift */,
				AD4D89192C987F17003DD3C4 /* EventLink.swift */,
			);
			path = UI;
			sourceTree = "<group>";
		};
		AD4D891B2C987F50003DD3C4 /* Extensions */ = {
			isa = PBXGroup;
			children = (
				AD4D891C2C987F60003DD3C4 /* Date+Extension.swift */,
			);
			path = Extensions;
			sourceTree = "<group>";
		};
/* End PBXGroup section */

/* Begin PBXNativeTarget section */
		AD2609472C9971BD00687D36 /* this-day-tests */ = {
			isa = PBXNativeTarget;
			buildConfigurationList = AD2609502C9971BD00687D36 /* Build configuration list for PBXNativeTarget "this-day-tests" */;
			buildPhases = (
				AD2609442C9971BD00687D36 /* Sources */,
				AD2609452C9971BD00687D36 /* Frameworks */,
				AD2609462C9971BD00687D36 /* Resources */,
			);
			buildRules = (
			);
			dependencies = (
				AD26094D2C9971BD00687D36 /* PBXTargetDependency */,
			);
			name = "this-day-tests";
			productName = "this-day-tests";
			productReference = AD2609482C9971BD00687D36 /* this-day-tests.xctest */;
			productType = "com.apple.product-type.bundle.unit-test";
		};
		AD4D88E92C9841CF003DD3C4 /* this-day */ = {
			isa = PBXNativeTarget;
			buildConfigurationList = AD4D88F92C9841D0003DD3C4 /* Build configuration list for PBXNativeTarget "this-day" */;
			buildPhases = (
				AD4D88FC2C9842FF003DD3C4 /* Run SwiftLint */,
				AD4D88E62C9841CF003DD3C4 /* Sources */,
				AD4D88E72C9841CF003DD3C4 /* Frameworks */,
				AD4D88E82C9841CF003DD3C4 /* Resources */,
			);
			buildRules = (
			);
			dependencies = (
			);
			name = "this-day";
			productName = "this-day";
			productReference = AD4D88EA2C9841CF003DD3C4 /* this-day.app */;
			productType = "com.apple.product-type.application";
		};
/* End PBXNativeTarget section */

/* Begin PBXProject section */
		AD4D88E22C9841CF003DD3C4 /* Project object */ = {
			isa = PBXProject;
			attributes = {
				BuildIndependentTargetsInParallel = 1;
				LastSwiftUpdateCheck = 1540;
				LastUpgradeCheck = 1540;
				TargetAttributes = {
					AD2609472C9971BD00687D36 = {
						CreatedOnToolsVersion = 15.4;
						TestTargetID = AD4D88E92C9841CF003DD3C4;
					};
					AD4D88E92C9841CF003DD3C4 = {
						CreatedOnToolsVersion = 15.4;
					};
				};
			};
			buildConfigurationList = AD4D88E52C9841CF003DD3C4 /* Build configuration list for PBXProject "this-day" */;
			compatibilityVersion = "Xcode 14.0";
			developmentRegion = en;
			hasScannedForEncodings = 0;
			knownRegions = (
				en,
				Base,
			);
			mainGroup = AD4D88E12C9841CF003DD3C4;
			productRefGroup = AD4D88EB2C9841CF003DD3C4 /* Products */;
			projectDirPath = "";
			projectRoot = "";
			targets = (
				AD4D88E92C9841CF003DD3C4 /* this-day */,
				AD2609472C9971BD00687D36 /* this-day-tests */,
			);
		};
/* End PBXProject section */

/* Begin PBXResourcesBuildPhase section */
		AD2609462C9971BD00687D36 /* Resources */ = {
			isa = PBXResourcesBuildPhase;
			buildActionMask = 2147483647;
			files = (
			);
			runOnlyForDeploymentPostprocessing = 0;
		};
		AD4D88E82C9841CF003DD3C4 /* Resources */ = {
			isa = PBXResourcesBuildPhase;
			buildActionMask = 2147483647;
			files = (
				AD4D88F62C9841D0003DD3C4 /* Preview Assets.xcassets in Resources */,
				AD4D88F22C9841D0003DD3C4 /* Assets.xcassets in Resources */,
			);
			runOnlyForDeploymentPostprocessing = 0;
		};
/* End PBXResourcesBuildPhase section */

/* Begin PBXShellScriptBuildPhase section */
		AD4D88FC2C9842FF003DD3C4 /* Run SwiftLint */ = {
			isa = PBXShellScriptBuildPhase;
			buildActionMask = 2147483647;
			files = (
			);
			inputFileListPaths = (
			);
			inputPaths = (
			);
			name = "Run SwiftLint";
			outputFileListPaths = (
			);
			outputPaths = (
				"${DERIVED_FILE_DIR}/swiftlint_output.txt",
			);
			runOnlyForDeploymentPostprocessing = 0;
			shellPath = /bin/sh;
			shellScript = "export PATH=\"$PATH:/opt/homebrew/bin\" # for M1/M2\nexport PATH=\"$PATH:/usr/local/bin\" # for Intel Mac\n\necho \"SRCROOT is: ${SRCROOT}\"\n\nif which swiftlint >/dev/null; then\n    CONFIG_FILE=\"${SRCROOT}/../.swiftlint.yml\"\n    SOURCE_DIR=\"${SRCROOT}\"\n\n    echo \"Config file: $CONFIG_FILE\"\n    echo \"Source dir: $SOURCE_DIR\"\n\n    swiftlint lint --config \"$CONFIG_FILE\" \"$SOURCE_DIR\"\nelse\n    echo \"warning: SwiftLint not installed, download from https://github.com/realm/SwiftLint\"\nfi\n";
		};
/* End PBXShellScriptBuildPhase section */

/* Begin PBXSourcesBuildPhase section */
		AD2609442C9971BD00687D36 /* Sources */ = {
			isa = PBXSourcesBuildPhase;
			buildActionMask = 2147483647;
			files = (
				AD26094B2C9971BD00687D36 /* this_day_tests.swift in Sources */,
			);
			runOnlyForDeploymentPostprocessing = 0;
		};
		AD4D88E62C9841CF003DD3C4 /* Sources */ = {
			isa = PBXSourcesBuildPhase;
			buildActionMask = 2147483647;
			files = (
				AD4D89052C98636C003DD3C4 /* EventsRouter.swift in Sources */,
				AD4D890F2C987028003DD3C4 /* EventsNetworkModel.swift in Sources */,
				AD4D88F02C9841CF003DD3C4 /* EventsView.swift in Sources */,
				AD4D89032C985B23003DD3C4 /* EventsViewModel.swift in Sources */,
				AD4D89182C987F05003DD3C4 /* Event.swift in Sources */,
				AD4D89072C98664F003DD3C4 /* EventsViewBuilder.swift in Sources */,
				AD4D891F2C988810003DD3C4 /* AppLogger.swift in Sources */,
				AD4D89112C98703C003DD3C4 /* EventNetworkModel.swift in Sources */,
				AD4D88EE2C9841CF003DD3C4 /* ThisDayApp.swift in Sources */,
				AD4D89162C987EEF003DD3C4 /* HistoryEvents.swift in Sources */,
				AD4D89132C987050003DD3C4 /* EventLinkNetworkModel.swift in Sources */,
				AD4D891A2C987F17003DD3C4 /* EventLink.swift in Sources */,
				AD4D891D2C987F60003DD3C4 /* Date+Extension.swift in Sources */,
				AD4D88FE2C985356003DD3C4 /* EventDetailView.swift in Sources */,
				AD4D890B2C986FFB003DD3C4 /* NetworkService.swift in Sources */,
			);
			runOnlyForDeploymentPostprocessing = 0;
		};
/* End PBXSourcesBuildPhase section */

/* Begin PBXTargetDependency section */
		AD26094D2C9971BD00687D36 /* PBXTargetDependency */ = {
			isa = PBXTargetDependency;
			target = AD4D88E92C9841CF003DD3C4 /* this-day */;
			targetProxy = AD26094C2C9971BD00687D36 /* PBXContainerItemProxy */;
		};
/* End PBXTargetDependency section */

/* Begin XCBuildConfiguration section */
		AD26094E2C9971BD00687D36 /* Debug */ = {
			isa = XCBuildConfiguration;
			buildSettings = {
				BUNDLE_LOADER = "$(TEST_HOST)";
				CODE_SIGN_STYLE = Automatic;
				CURRENT_PROJECT_VERSION = 1;
				DEVELOPMENT_TEAM = UER9S2EB72;
				ENABLE_USER_SCRIPT_SANDBOXING = YES;
				GENERATE_INFOPLIST_FILE = YES;
				IPHONEOS_DEPLOYMENT_TARGET = 17.5;
				MACOSX_DEPLOYMENT_TARGET = 14.0;
				MARKETING_VERSION = 1.0;
				PRODUCT_BUNDLE_IDENTIFIER = "com.home.this-day-tests";
				PRODUCT_NAME = "$(TARGET_NAME)";
				SDKROOT = auto;
				SUPPORTED_PLATFORMS = "iphoneos iphonesimulator macosx";
				SWIFT_EMIT_LOC_STRINGS = NO;
				SWIFT_VERSION = 5.0;
				TARGETED_DEVICE_FAMILY = "1,2";
				TEST_HOST = "$(BUILT_PRODUCTS_DIR)/this-day.app/$(BUNDLE_EXECUTABLE_FOLDER_PATH)/this-day";
			};
			name = Debug;
		};
		AD26094F2C9971BD00687D36 /* Release */ = {
			isa = XCBuildConfiguration;
			buildSettings = {
				BUNDLE_LOADER = "$(TEST_HOST)";
				CODE_SIGN_STYLE = Automatic;
				CURRENT_PROJECT_VERSION = 1;
				DEVELOPMENT_TEAM = UER9S2EB72;
				ENABLE_USER_SCRIPT_SANDBOXING = YES;
				GENERATE_INFOPLIST_FILE = YES;
				IPHONEOS_DEPLOYMENT_TARGET = 17.5;
				MACOSX_DEPLOYMENT_TARGET = 14.0;
				MARKETING_VERSION = 1.0;
				PRODUCT_BUNDLE_IDENTIFIER = "com.home.this-day-tests";
				PRODUCT_NAME = "$(TARGET_NAME)";
				SDKROOT = auto;
				SUPPORTED_PLATFORMS = "iphoneos iphonesimulator macosx";
				SWIFT_EMIT_LOC_STRINGS = NO;
				SWIFT_VERSION = 5.0;
				TARGETED_DEVICE_FAMILY = "1,2";
				TEST_HOST = "$(BUILT_PRODUCTS_DIR)/this-day.app/$(BUNDLE_EXECUTABLE_FOLDER_PATH)/this-day";
			};
			name = Release;
		};
		AD4D88F72C9841D0003DD3C4 /* Debug */ = {
			isa = XCBuildConfiguration;
			buildSettings = {
				ALWAYS_SEARCH_USER_PATHS = NO;
				ASSETCATALOG_COMPILER_GENERATE_SWIFT_ASSET_SYMBOL_EXTENSIONS = YES;
				CLANG_ANALYZER_NONNULL = YES;
				CLANG_ANALYZER_NUMBER_OBJECT_CONVERSION = YES_AGGRESSIVE;
				CLANG_CXX_LANGUAGE_STANDARD = "gnu++20";
				CLANG_ENABLE_MODULES = YES;
				CLANG_ENABLE_OBJC_ARC = YES;
				CLANG_ENABLE_OBJC_WEAK = YES;
				CLANG_WARN_BLOCK_CAPTURE_AUTORELEASING = YES;
				CLANG_WARN_BOOL_CONVERSION = YES;
				CLANG_WARN_COMMA = YES;
				CLANG_WARN_CONSTANT_CONVERSION = YES;
				CLANG_WARN_DEPRECATED_OBJC_IMPLEMENTATIONS = YES;
				CLANG_WARN_DIRECT_OBJC_ISA_USAGE = YES_ERROR;
				CLANG_WARN_DOCUMENTATION_COMMENTS = YES;
				CLANG_WARN_EMPTY_BODY = YES;
				CLANG_WARN_ENUM_CONVERSION = YES;
				CLANG_WARN_INFINITE_RECURSION = YES;
				CLANG_WARN_INT_CONVERSION = YES;
				CLANG_WARN_NON_LITERAL_NULL_CONVERSION = YES;
				CLANG_WARN_OBJC_IMPLICIT_RETAIN_SELF = YES;
				CLANG_WARN_OBJC_LITERAL_CONVERSION = YES;
				CLANG_WARN_OBJC_ROOT_CLASS = YES_ERROR;
				CLANG_WARN_QUOTED_INCLUDE_IN_FRAMEWORK_HEADER = YES;
				CLANG_WARN_RANGE_LOOP_ANALYSIS = YES;
				CLANG_WARN_STRICT_PROTOTYPES = YES;
				CLANG_WARN_SUSPICIOUS_MOVE = YES;
				CLANG_WARN_UNGUARDED_AVAILABILITY = YES_AGGRESSIVE;
				CLANG_WARN_UNREACHABLE_CODE = YES;
				CLANG_WARN__DUPLICATE_METHOD_MATCH = YES;
				COPY_PHASE_STRIP = NO;
				DEBUG_INFORMATION_FORMAT = dwarf;
				ENABLE_STRICT_OBJC_MSGSEND = YES;
				ENABLE_TESTABILITY = YES;
				ENABLE_USER_SCRIPT_SANDBOXING = NO;
				GCC_C_LANGUAGE_STANDARD = gnu17;
				GCC_DYNAMIC_NO_PIC = NO;
				GCC_NO_COMMON_BLOCKS = YES;
				GCC_OPTIMIZATION_LEVEL = 0;
				GCC_PREPROCESSOR_DEFINITIONS = (
					"DEBUG=1",
					"$(inherited)",
				);
				GCC_WARN_64_TO_32_BIT_CONVERSION = YES;
				GCC_WARN_ABOUT_RETURN_TYPE = YES_ERROR;
				GCC_WARN_UNDECLARED_SELECTOR = YES;
				GCC_WARN_UNINITIALIZED_AUTOS = YES_AGGRESSIVE;
				GCC_WARN_UNUSED_FUNCTION = YES;
				GCC_WARN_UNUSED_VARIABLE = YES;
				LOCALIZATION_PREFERS_STRING_CATALOGS = YES;
				MTL_ENABLE_DEBUG_INFO = INCLUDE_SOURCE;
				MTL_FAST_MATH = YES;
				ONLY_ACTIVE_ARCH = YES;
				SWIFT_ACTIVE_COMPILATION_CONDITIONS = "DEBUG $(inherited)";
				SWIFT_OPTIMIZATION_LEVEL = "-Onone";
			};
			name = Debug;
		};
		AD4D88F82C9841D0003DD3C4 /* Release */ = {
			isa = XCBuildConfiguration;
			buildSettings = {
				ALWAYS_SEARCH_USER_PATHS = NO;
				ASSETCATALOG_COMPILER_GENERATE_SWIFT_ASSET_SYMBOL_EXTENSIONS = YES;
				CLANG_ANALYZER_NONNULL = YES;
				CLANG_ANALYZER_NUMBER_OBJECT_CONVERSION = YES_AGGRESSIVE;
				CLANG_CXX_LANGUAGE_STANDARD = "gnu++20";
				CLANG_ENABLE_MODULES = YES;
				CLANG_ENABLE_OBJC_ARC = YES;
				CLANG_ENABLE_OBJC_WEAK = YES;
				CLANG_WARN_BLOCK_CAPTURE_AUTORELEASING = YES;
				CLANG_WARN_BOOL_CONVERSION = YES;
				CLANG_WARN_COMMA = YES;
				CLANG_WARN_CONSTANT_CONVERSION = YES;
				CLANG_WARN_DEPRECATED_OBJC_IMPLEMENTATIONS = YES;
				CLANG_WARN_DIRECT_OBJC_ISA_USAGE = YES_ERROR;
				CLANG_WARN_DOCUMENTATION_COMMENTS = YES;
				CLANG_WARN_EMPTY_BODY = YES;
				CLANG_WARN_ENUM_CONVERSION = YES;
				CLANG_WARN_INFINITE_RECURSION = YES;
				CLANG_WARN_INT_CONVERSION = YES;
				CLANG_WARN_NON_LITERAL_NULL_CONVERSION = YES;
				CLANG_WARN_OBJC_IMPLICIT_RETAIN_SELF = YES;
				CLANG_WARN_OBJC_LITERAL_CONVERSION = YES;
				CLANG_WARN_OBJC_ROOT_CLASS = YES_ERROR;
				CLANG_WARN_QUOTED_INCLUDE_IN_FRAMEWORK_HEADER = YES;
				CLANG_WARN_RANGE_LOOP_ANALYSIS = YES;
				CLANG_WARN_STRICT_PROTOTYPES = YES;
				CLANG_WARN_SUSPICIOUS_MOVE = YES;
				CLANG_WARN_UNGUARDED_AVAILABILITY = YES_AGGRESSIVE;
				CLANG_WARN_UNREACHABLE_CODE = YES;
				CLANG_WARN__DUPLICATE_METHOD_MATCH = YES;
				COPY_PHASE_STRIP = NO;
				DEBUG_INFORMATION_FORMAT = "dwarf-with-dsym";
				ENABLE_NS_ASSERTIONS = NO;
				ENABLE_STRICT_OBJC_MSGSEND = YES;
				ENABLE_USER_SCRIPT_SANDBOXING = NO;
				GCC_C_LANGUAGE_STANDARD = gnu17;
				GCC_NO_COMMON_BLOCKS = YES;
				GCC_WARN_64_TO_32_BIT_CONVERSION = YES;
				GCC_WARN_ABOUT_RETURN_TYPE = YES_ERROR;
				GCC_WARN_UNDECLARED_SELECTOR = YES;
				GCC_WARN_UNINITIALIZED_AUTOS = YES_AGGRESSIVE;
				GCC_WARN_UNUSED_FUNCTION = YES;
				GCC_WARN_UNUSED_VARIABLE = YES;
				LOCALIZATION_PREFERS_STRING_CATALOGS = YES;
				MTL_ENABLE_DEBUG_INFO = NO;
				MTL_FAST_MATH = YES;
				SWIFT_COMPILATION_MODE = wholemodule;
			};
			name = Release;
		};
		AD4D88FA2C9841D0003DD3C4 /* Debug */ = {
			isa = XCBuildConfiguration;
			buildSettings = {
				ASSETCATALOG_COMPILER_APPICON_NAME = AppIcon;
				ASSETCATALOG_COMPILER_GLOBAL_ACCENT_COLOR_NAME = AccentColor;
				CODE_SIGN_ENTITLEMENTS = "this-day/this_day.entitlements";
				CODE_SIGN_STYLE = Automatic;
				CURRENT_PROJECT_VERSION = 1;
				DEVELOPMENT_ASSET_PATHS = "\"this-day/Preview Content\"";
				DEVELOPMENT_TEAM = UER9S2EB72;
				ENABLE_HARDENED_RUNTIME = YES;
				ENABLE_PREVIEWS = YES;
				GENERATE_INFOPLIST_FILE = YES;
				"INFOPLIST_KEY_UIApplicationSceneManifest_Generation[sdk=iphoneos*]" = YES;
				"INFOPLIST_KEY_UIApplicationSceneManifest_Generation[sdk=iphonesimulator*]" = YES;
				"INFOPLIST_KEY_UIApplicationSupportsIndirectInputEvents[sdk=iphoneos*]" = YES;
				"INFOPLIST_KEY_UIApplicationSupportsIndirectInputEvents[sdk=iphonesimulator*]" = YES;
				"INFOPLIST_KEY_UILaunchScreen_Generation[sdk=iphoneos*]" = YES;
				"INFOPLIST_KEY_UILaunchScreen_Generation[sdk=iphonesimulator*]" = YES;
				"INFOPLIST_KEY_UIStatusBarStyle[sdk=iphoneos*]" = UIStatusBarStyleDefault;
				"INFOPLIST_KEY_UIStatusBarStyle[sdk=iphonesimulator*]" = UIStatusBarStyleDefault;
				INFOPLIST_KEY_UISupportedInterfaceOrientations_iPad = "UIInterfaceOrientationPortrait UIInterfaceOrientationPortraitUpsideDown UIInterfaceOrientationLandscapeLeft UIInterfaceOrientationLandscapeRight";
				INFOPLIST_KEY_UISupportedInterfaceOrientations_iPhone = "UIInterfaceOrientationPortrait UIInterfaceOrientationLandscapeLeft UIInterfaceOrientationLandscapeRight";
				IPHONEOS_DEPLOYMENT_TARGET = 17.5;
				LD_RUNPATH_SEARCH_PATHS = "@executable_path/Frameworks";
				"LD_RUNPATH_SEARCH_PATHS[sdk=macosx*]" = "@executable_path/../Frameworks";
				MACOSX_DEPLOYMENT_TARGET = 14.0;
				MARKETING_VERSION = 1.0;
				PRODUCT_BUNDLE_IDENTIFIER = "com.home.this-day";
				PRODUCT_NAME = "$(TARGET_NAME)";
				SDKROOT = auto;
				SUPPORTED_PLATFORMS = "iphoneos iphonesimulator macosx";
				SWIFT_EMIT_LOC_STRINGS = YES;
				SWIFT_VERSION = 5.0;
				TARGETED_DEVICE_FAMILY = "1,2";
			};
			name = Debug;
		};
		AD4D88FB2C9841D0003DD3C4 /* Release */ = {
			isa = XCBuildConfiguration;
			buildSettings = {
				ASSETCATALOG_COMPILER_APPICON_NAME = AppIcon;
				ASSETCATALOG_COMPILER_GLOBAL_ACCENT_COLOR_NAME = AccentColor;
				CODE_SIGN_ENTITLEMENTS = "this-day/this_day.entitlements";
				CODE_SIGN_STYLE = Automatic;
				CURRENT_PROJECT_VERSION = 1;
				DEVELOPMENT_ASSET_PATHS = "\"this-day/Preview Content\"";
				DEVELOPMENT_TEAM = UER9S2EB72;
				ENABLE_HARDENED_RUNTIME = YES;
				ENABLE_PREVIEWS = YES;
				GENERATE_INFOPLIST_FILE = YES;
				"INFOPLIST_KEY_UIApplicationSceneManifest_Generation[sdk=iphoneos*]" = YES;
				"INFOPLIST_KEY_UIApplicationSceneManifest_Generation[sdk=iphonesimulator*]" = YES;
				"INFOPLIST_KEY_UIApplicationSupportsIndirectInputEvents[sdk=iphoneos*]" = YES;
				"INFOPLIST_KEY_UIApplicationSupportsIndirectInputEvents[sdk=iphonesimulator*]" = YES;
				"INFOPLIST_KEY_UILaunchScreen_Generation[sdk=iphoneos*]" = YES;
				"INFOPLIST_KEY_UILaunchScreen_Generation[sdk=iphonesimulator*]" = YES;
				"INFOPLIST_KEY_UIStatusBarStyle[sdk=iphoneos*]" = UIStatusBarStyleDefault;
				"INFOPLIST_KEY_UIStatusBarStyle[sdk=iphonesimulator*]" = UIStatusBarStyleDefault;
				INFOPLIST_KEY_UISupportedInterfaceOrientations_iPad = "UIInterfaceOrientationPortrait UIInterfaceOrientationPortraitUpsideDown UIInterfaceOrientationLandscapeLeft UIInterfaceOrientationLandscapeRight";
				INFOPLIST_KEY_UISupportedInterfaceOrientations_iPhone = "UIInterfaceOrientationPortrait UIInterfaceOrientationLandscapeLeft UIInterfaceOrientationLandscapeRight";
				IPHONEOS_DEPLOYMENT_TARGET = 17.5;
				LD_RUNPATH_SEARCH_PATHS = "@executable_path/Frameworks";
				"LD_RUNPATH_SEARCH_PATHS[sdk=macosx*]" = "@executable_path/../Frameworks";
				MACOSX_DEPLOYMENT_TARGET = 14.0;
				MARKETING_VERSION = 1.0;
				PRODUCT_BUNDLE_IDENTIFIER = "com.home.this-day";
				PRODUCT_NAME = "$(TARGET_NAME)";
				SDKROOT = auto;
				SUPPORTED_PLATFORMS = "iphoneos iphonesimulator macosx";
				SWIFT_EMIT_LOC_STRINGS = YES;
				SWIFT_VERSION = 5.0;
				TARGETED_DEVICE_FAMILY = "1,2";
			};
			name = Release;
		};
/* End XCBuildConfiguration section */

/* Begin XCConfigurationList section */
		AD2609502C9971BD00687D36 /* Build configuration list for PBXNativeTarget "this-day-tests" */ = {
			isa = XCConfigurationList;
			buildConfigurations = (
				AD26094E2C9971BD00687D36 /* Debug */,
				AD26094F2C9971BD00687D36 /* Release */,
			);
			defaultConfigurationIsVisible = 0;
			defaultConfigurationName = Release;
		};
		AD4D88E52C9841CF003DD3C4 /* Build configuration list for PBXProject "this-day" */ = {
			isa = XCConfigurationList;
			buildConfigurations = (
				AD4D88F72C9841D0003DD3C4 /* Debug */,
				AD4D88F82C9841D0003DD3C4 /* Release */,
			);
			defaultConfigurationIsVisible = 0;
			defaultConfigurationName = Release;
		};
		AD4D88F92C9841D0003DD3C4 /* Build configuration list for PBXNativeTarget "this-day" */ = {
			isa = XCConfigurationList;
			buildConfigurations = (
				AD4D88FA2C9841D0003DD3C4 /* Debug */,
				AD4D88FB2C9841D0003DD3C4 /* Release */,
			);
			defaultConfigurationIsVisible = 0;
			defaultConfigurationName = Release;
		};
/* End XCConfigurationList section */
	};
	rootObject = AD4D88E22C9841CF003DD3C4 /* Project object */;
}
